
Microsoft Visual Studio Solution File, Format Version 12.00
# Visual Studio Version 17
VisualStudioVersion = 17.3.32922.545
MinimumVisualStudioVersion = 10.0.40219.1
Project("{2150E333-8FDC-42A3-9474-1A3956D46DE8}") = ".nuget", ".nuget", "{ADB4A8C7-9ECE-495F-9F01-F73AB39D2147}"
	ProjectSection(SolutionItems) = preProject
		.nuget\NuGet.Config = .nuget\NuGet.Config
		.nuget\NuGet.exe = .nuget\NuGet.exe
		.nuget\NuGet.targets = .nuget\NuGet.targets
	EndProjectSection
EndProject
Project("{2150E333-8FDC-42A3-9474-1A3956D46DE8}") = "Assembly", "Assembly", "{7C88AA55-1A5D-4311-A49D-55AB02BE209B}"
EndProject
Project("{FAE04EC0-301F-11D3-BF4B-00C04F79EFBC}") = "Meck.Data", "Assembly\Meck.Data\Meck.Data.csproj", "{F54DC2C5-F5BC-46CB-A3A2-FAAF89252013}"
EndProject
Project("{FAE04EC0-301F-11D3-BF4B-00C04F79EFBC}") = "Microsoft.ApplicationBlocks.Data", "Assembly\Microsoft.ApplicationBlocks.Data\Microsoft.ApplicationBlocks.Data.csproj", "{30933672-466E-4F67-A111-ABF267539146}"
EndProject
Project("{FAE04EC0-301F-11D3-BF4B-00C04F79EFBC}") = "Meck.Azure.KeyVault", "Assembly\Meck.Azure.KeyVault\Meck.Azure.KeyVault.csproj", "{BF8FC6CA-1611-40BF-B646-4A703A895F81}"
EndProject
Project("{FAE04EC0-301F-11D3-BF4B-00C04F79EFBC}") = "Meck.Logging", "Assembly\Meck.Logging\Meck.Logging.csproj", "{3D235CD3-9012-4485-9A10-0ED0B09A423C}"
EndProject
Project("{2150E333-8FDC-42A3-9474-1A3956D46DE8}") = "Documentation", "Documentation", "{0F947C8C-AD61-4BA9-99C6-F3977E059D2B}"
EndProject
Project("{2150E333-8FDC-42A3-9474-1A3956D46DE8}") = "Engines", "Engines", "{749E5EC8-693D-4050-81A7-17CF89C1CBEA}"
EndProject
Project("{2150E333-8FDC-42A3-9474-1A3956D46DE8}") = "Swagger", "Swagger", "{956F62E9-AAD8-45B8-A932-0FB16DA08A47}"
	ProjectSection(SolutionItems) = preProject
		Documentation\Swagger\SwaggerInfo.txt = Documentation\Swagger\SwaggerInfo.txt
	EndProjectSection
EndProject
Project("{2150E333-8FDC-42A3-9474-1A3956D46DE8}") = "Solution Assessment Material", "Solution Assessment Material", "{59303CDE-C629-4575-ADAC-CBCAED0EBEB8}"
	ProjectSection(SolutionItems) = preProject
		Documentation\Solution Assessment Material\EPM Architecture.vsdx = Documentation\Solution Assessment Material\EPM Architecture.vsdx
		Documentation\Solution Assessment Material\EPM Azure Resources Cost.xlsx = Documentation\Solution Assessment Material\EPM Azure Resources Cost.xlsx
		Documentation\Solution Assessment Material\EPM Doc 1v.pdf = Documentation\Solution Assessment Material\EPM Doc 1v.pdf
		Documentation\Solution Assessment Material\EPM Solution Assessment.pptx = Documentation\Solution Assessment Material\EPM Solution Assessment.pptx
		Documentation\Solution Assessment Material\Est & Sch Stories 1v.xlsx = Documentation\Solution Assessment Material\Est & Sch Stories 1v.xlsx
		Documentation\Solution Assessment Material\Proposed Arch.vsdx = Documentation\Solution Assessment Material\Proposed Arch.vsdx
	EndProjectSection
EndProject
Project("{2150E333-8FDC-42A3-9474-1A3956D46DE8}") = "Logging", "Logging", "{118D0A9A-CB4C-4782-A49D-E62F2B3381F5}"
	ProjectSection(SolutionItems) = preProject
		Documentation\Logging\Meck Ent Logging.vsdx = Documentation\Logging\Meck Ent Logging.vsdx
		Documentation\Logging\MeckEnterpriseApplicationLogging.pptx = Documentation\Logging\MeckEnterpriseApplicationLogging.pptx
	EndProjectSection
EndProject
Project("{2150E333-8FDC-42A3-9474-1A3956D46DE8}") = "Key Vault", "Key Vault", "{DAEF7CE5-B45C-48FE-BB87-042D8D0E6A00}"
	ProjectSection(SolutionItems) = preProject
		Documentation\Key Vault\Azure Key Vault.docx = Documentation\Key Vault\Azure Key Vault.docx
	EndProjectSection
EndProject
Project("{2150E333-8FDC-42A3-9474-1A3956D46DE8}") = "Coding Standards", "Coding Standards", "{A847348E-9A9D-4110-8EE8-93EE00FFFEFD}"
	ProjectSection(SolutionItems) = preProject
		Documentation\Coding Standards\Coding Standards.docx = Documentation\Coding Standards\Coding Standards.docx
	EndProjectSection
EndProject
Project("{2150E333-8FDC-42A3-9474-1A3956D46DE8}") = "Azure Resources", "Azure Resources", "{F3F66CCE-7D7E-45B3-BE20-CE9EFBCEABC7}"
	ProjectSection(SolutionItems) = preProject
		Documentation\Azure Resources\SUS-AION Azure Resources.docx = Documentation\Azure Resources\SUS-AION Azure Resources.docx
	EndProjectSection
EndProject
Project("{2150E333-8FDC-42A3-9474-1A3956D46DE8}") = "DevOps Pipeline", "DevOps Pipeline", "{5237B01C-58F8-449B-B8EF-BADD6BB4681B}"
	ProjectSection(SolutionItems) = preProject
		Documentation\DevOps Pipeline\Azure DevOps Release Pipeline .docx = Documentation\DevOps Pipeline\Azure DevOps Release Pipeline .docx
	EndProjectSection
EndProject
Project("{2150E333-8FDC-42A3-9474-1A3956D46DE8}") = "InRule", "InRule", "{2EF072A6-1707-4A17-B445-665383C8F2DA}"
	ProjectSection(SolutionItems) = preProject
		Documentation\InRule\InRule PRD - CJCM CRM.pdf = Documentation\InRule\InRule PRD - CJCM CRM.pdf
		Documentation\InRule\InstallHelp_InRuleCatalogCloudService.pdf = Documentation\InRule\InstallHelp_InRuleCatalogCloudService.pdf
		Documentation\InRule\Rule Application Deployment Process.docx = Documentation\InRule\Rule Application Deployment Process.docx
	EndProjectSection
EndProject
Project("{2150E333-8FDC-42A3-9474-1A3956D46DE8}") = "Unit Tests", "Unit Tests", "{6F8B46D3-3B95-4A75-8A53-0A0786330201}"
EndProject
Project("{FAE04EC0-301F-11D3-BF4B-00C04F79EFBC}") = "AION.Base", "AION.Base\AION.Base.csproj", "{B5D9E46E-1ED6-4D78-88D9-F5D96A2F3284}"
EndProject
Project("{F184B08F-C81C-45F6-A57F-5ABD9991F28F}") = "AION.CodeGenerator", "AION.CodeGenerator\AION.CodeGenerator.vbproj", "{DC24FA5C-639A-46A1-8DC5-D0FC030CC25F}"
EndProject
Project("{FAE04EC0-301F-11D3-BF4B-00C04F79EFBC}") = "AION.Web", "AION.Web\AION.Web.csproj", "{8A0461DD-6F28-48FF-BF29-FDDECF7FF9D6}"
EndProject
Project("{FAE04EC0-301F-11D3-BF4B-00C04F79EFBC}") = "AION.Manager", "AION.Manager\AION.Manager.csproj", "{C0280304-BE9C-4B98-8C71-F2FBCA008579}"
EndProject
Project("{FAE04EC0-301F-11D3-BF4B-00C04F79EFBC}") = "AION.CompanyMangement.Engine", "Engines\AION.CompanyManagement.Engine\AION.CompanyMangement.Engine.csproj", "{A1E1E276-E87C-450E-B7DF-BE89DA5DFB88}"
EndProject
Project("{FAE04EC0-301F-11D3-BF4B-00C04F79EFBC}") = "AION.Estimator.Engine", "Engines\AION.Estimator.Engine\AION.Estimator.Engine.csproj", "{A6345D62-9EAA-44FD-97CB-AB7EEEBE541A}"
EndProject
Project("{FAE04EC0-301F-11D3-BF4B-00C04F79EFBC}") = "AION.Scheduler.Engine", "Engines\AION.Scheduler.Engine\AION.Scheduler.Engine.csproj", "{2593C32A-B26B-4F45-AFCE-7EEEF55D7CC6}"
EndProject
Project("{9A19103F-16F7-4668-BE54-9A1E7A4F7556}") = "AION.Function", "AION.Function\AION.Function.csproj", "{23923058-F4A7-4837-A277-21C405338BA5}"
EndProject
Project("{FAE04EC0-301F-11D3-BF4B-00C04F79EFBC}") = "AION.Accela.Engine", "Engines\AION.Accela.Engine\AION.Accela.Engine.csproj", "{A1629121-7125-4257-8574-F19D04EF1C48}"
EndProject
Project("{FAE04EC0-301F-11D3-BF4B-00C04F79EFBC}") = "AION.Security.Engine", "Engines\AION.Security.Engine\AION.Security.Engine.csproj", "{0B810892-CC65-4445-8DC1-9D5E4580E308}"
EndProject
Project("{FAE04EC0-301F-11D3-BF4B-00C04F79EFBC}") = "AccelaEngineTests", "Unit Tests\AccelaEngineTests\AccelaEngineTests.csproj", "{C6AC05CA-DBBC-4CD8-A71B-255A11CF935A}"
EndProject
Project("{FAE04EC0-301F-11D3-BF4B-00C04F79EFBC}") = "AION.BL.Test", "Unit Tests\AION.BL.Test\AION.BL.Test.csproj", "{D10E5A9C-A1C4-4BC6-94FF-39BDC2AD091C}"
EndProject
Project("{9A19103F-16F7-4668-BE54-9A1E7A4F7556}") = "Meck.Shared", "Assembly\Meck.Shared\Meck.Shared.csproj", "{D717203C-5C40-4328-8D90-270B56929061}"
EndProject
Project("{2150E333-8FDC-42A3-9474-1A3956D46DE8}") = "Demos", "Demos", "{C11C59BE-5E57-484A-942A-420107EAB774}"
EndProject
Project("{FAE04EC0-301F-11D3-BF4B-00C04F79EFBC}") = "WindowsFormsDemos", "WindowsFormsMMFDemo\WindowsFormsDemos.csproj", "{356A4A44-299F-44CA-A920-7851E8A5C11C}"
EndProject
Project("{2150E333-8FDC-42A3-9474-1A3956D46DE8}") = "Accela", "Accela", "{9B10840A-9D94-4FA5-AD20-A4B903C6F155}"
EndProject
Project("{2150E333-8FDC-42A3-9474-1A3956D46DE8}") = "docs", "docs", "{A0114C0C-D382-46C0-A2F3-4830A350C1D5}"
EndProject
Project("{FAE04EC0-301F-11D3-BF4B-00C04F79EFBC}") = "AccelaAddressParcelsOwners", "Accela\AccelaAddressParcelsOwners\AccelaAddressParcelsOwners.csproj", "{46D1B2C9-EA81-45F7-AB60-085A641DCCD1}"
EndProject
Project("{FAE04EC0-301F-11D3-BF4B-00C04F79EFBC}") = "AccelaAgencies", "Accela\AccelaAgencies\AccelaAgencies.csproj", "{BDD853A1-4A58-4A55-B4F5-AD03F27DAC3B}"
EndProject
Project("{FAE04EC0-301F-11D3-BF4B-00C04F79EFBC}") = "AccelaAssetsAndAssessments", "Accela\AccelaAssetsAndAssessments\AccelaAssetsAndAssessments.csproj", "{5330790E-F5E5-423F-9B64-3B9008F86987}"
EndProject
Project("{FAE04EC0-301F-11D3-BF4B-00C04F79EFBC}") = "AccelaCitizens", "Accela\AccelaCitizens\AccelaCitizens.csproj", "{D45A5BF0-42C5-40CA-8BCD-5C3E38D1933C}"
EndProject
Project("{FAE04EC0-301F-11D3-BF4B-00C04F79EFBC}") = "AccelaContactsAndProfessionals", "Accela\AccelaContactsAndProfessionals\AccelaContactsAndProfessionals.csproj", "{EAD20172-08F7-4110-93A7-1DCFC94B3AAC}"
EndProject
Project("{FAE04EC0-301F-11D3-BF4B-00C04F79EFBC}") = "AccelaDocuments", "Accela\AccelaDocuments\AccelaDocuments.csproj", "{65C68F23-955D-43FC-B387-9DF838604D16}"
EndProject
Project("{FAE04EC0-301F-11D3-BF4B-00C04F79EFBC}") = "AccelaInspections", "Accela\AccelaInspections\AccelaInspections.csproj", "{B3D0A79D-2718-4AD2-8519-83731DC94840}"
EndProject
Project("{FAE04EC0-301F-11D3-BF4B-00C04F79EFBC}") = "AccelaMiscellanous", "Accela\AccelaMiscellanous\AccelaMiscellanous.csproj", "{44659EF2-6800-4933-A7C5-F662C9FB485C}"
EndProject
Project("{FAE04EC0-301F-11D3-BF4B-00C04F79EFBC}") = "AccelaPayments", "Accela\AccelaPayments\AccelaPayments.csproj", "{9FD4857B-4B76-4467-81F7-7E821E7DC7A3}"
EndProject
Project("{FAE04EC0-301F-11D3-BF4B-00C04F79EFBC}") = "AccelaRecords", "Accela\AccelaRecords\AccelaRecords.csproj", "{60B61F02-3775-4BCD-BB6A-3A8E812F5EC3}"
EndProject
Project("{FAE04EC0-301F-11D3-BF4B-00C04F79EFBC}") = "AccelaSettings", "Accela\AccelaSettings\AccelaSettings.csproj", "{37B042B3-786F-4BDB-A4B4-0837545F0653}"
EndProject
Project("{FAE04EC0-301F-11D3-BF4B-00C04F79EFBC}") = "AccelaAuthorization", "Accela\AccelaAuthorization\AccelaAuthorization.csproj", "{39284EF0-AFBB-404E-8A22-F1DB21451A17}"
EndProject
Project("{FAE04EC0-301F-11D3-BF4B-00C04F79EFBC}") = "AION.Email.Engine", "Engines\AION.Email.Engine\AION.Email.Engine.csproj", "{C1282A29-EF40-4E2D-B1ED-D9FD77CD9198}"
EndProject
Project("{FAE04EC0-301F-11D3-BF4B-00C04F79EFBC}") = "AION.Accela.WebApi", "AION.Accela.WebApi\AION.Accela.WebApi.csproj", "{78CE7633-5780-451F-AA0D-179F3E9709D8}"
EndProject
Project("{FAE04EC0-301F-11D3-BF4B-00C04F79EFBC}") = "AccelaWebApiTest", "Unit Tests\AccelaWebApiTest\AccelaWebApiTest.csproj", "{79E4DBC6-8B4D-4C43-8B02-113861100066}"
EndProject
Project("{FAE04EC0-301F-11D3-BF4B-00C04F79EFBC}") = "AION.AIONDB.EngineTests", "Unit Tests\AION.AIONDB.EngineTests\AION.AIONDB.EngineTests.csproj", "{49D6788D-18BC-4A1D-A285-79C42BC27A35}"
EndProject
Project("{FAE04EC0-301F-11D3-BF4B-00C04F79EFBC}") = "AION.AIONDB.Engine", "Engines\AION.AIONDB.Engine\AION.AIONDB.Engine.csproj", "{A2D6733B-5913-4177-B1DD-5BA875B52DBB}"
EndProject
Project("{2150E333-8FDC-42A3-9474-1A3956D46DE8}") = "ConversionEPMtoAION", "ConversionEPMtoAION", "{F1E94E69-A8FF-483E-A6D6-D2750C748E7A}"
EndProject
Project("{2150E333-8FDC-42A3-9474-1A3956D46DE8}") = "Documents", "Documents", "{61C35F3D-70A5-48D7-A5F2-540CDCC598C9}"
	ProjectSection(SolutionItems) = preProject
		ConversionEPMtoAION\Documents\AccelaUsersTobeINsertedIntoAION.xlsx = ConversionEPMtoAION\Documents\AccelaUsersTobeINsertedIntoAION.xlsx
		ConversionEPMtoAION\Documents\Aion Users DCJohnMotuzFixed .xlsx = ConversionEPMtoAION\Documents\Aion Users DCJohnMotuzFixed .xlsx
		ConversionEPMtoAION\Documents\AION_DC_RunBook_1.sql = ConversionEPMtoAION\Documents\AION_DC_RunBook_1.sql
		ConversionEPMtoAION\Documents\Carlos1.txt = ConversionEPMtoAION\Documents\Carlos1.txt
		ConversionEPMtoAION\Documents\Carlos2.txt = ConversionEPMtoAION\Documents\Carlos2.txt
		ConversionEPMtoAION\Documents\EPMLoad.sql = ConversionEPMtoAION\Documents\EPMLoad.sql
		ConversionEPMtoAION\Documents\EPMNewMapping2021.xlsx = ConversionEPMtoAION\Documents\EPMNewMapping2021.xlsx
		ConversionEPMtoAION\Documents\Insert.sql = ConversionEPMtoAION\Documents\Insert.sql
		ConversionEPMtoAION\Documents\ITS_Mapping.xlsx = ConversionEPMtoAION\Documents\ITS_Mapping.xlsx
		ConversionEPMtoAION\Documents\Meck CAP & ALT ID for Mock 3 (1).xlsx = ConversionEPMtoAION\Documents\Meck CAP & ALT ID for Mock 3 (1).xlsx
		ConversionEPMtoAION\Documents\NeccesaryColumns.sql = ConversionEPMtoAION\Documents\NeccesaryColumns.sql
		ConversionEPMtoAION\Documents\NewMapping.xlsx = ConversionEPMtoAION\Documents\NewMapping.xlsx
		ConversionEPMtoAION\Documents\SealHolders&Designers.sql = ConversionEPMtoAION\Documents\SealHolders&Designers.sql
	EndProjectSection
EndProject
Project("{2150E333-8FDC-42A3-9474-1A3956D46DE8}") = "Leslie Files", "Leslie Files", "{281693E4-64C1-4B7B-975B-3C1A291F0240}"
	ProjectSection(SolutionItems) = preProject
		ConversionEPMtoAION\Documents\LeslieFiles\ce_insert_customfields_app_final.sql = ConversionEPMtoAION\Documents\LeslieFiles\ce_insert_customfields_app_final.sql
		ConversionEPMtoAION\Documents\LeslieFiles\ce_insert_customfields_prelim_final.sql = ConversionEPMtoAION\Documents\LeslieFiles\ce_insert_customfields_prelim_final.sql
		ConversionEPMtoAION\Documents\LeslieFiles\ce_insert_customfields_rtap_final.sql = ConversionEPMtoAION\Documents\LeslieFiles\ce_insert_customfields_rtap_final.sql
	EndProjectSection
EndProject
Project("{2150E333-8FDC-42A3-9474-1A3956D46DE8}") = "Mappings", "Mappings", "{7F5640CD-CBA3-4D90-8488-3829B586C88D}"
	ProjectSection(SolutionItems) = preProject
		ConversionEPMtoAION\Documents\MAPPINGS\MAPPINGS\CE LD EPM Statuses.xlsx = ConversionEPMtoAION\Documents\MAPPINGS\MAPPINGS\CE LD EPM Statuses.xlsx
		ConversionEPMtoAION\Documents\MAPPINGS\MAPPINGS\Copy of Project_Status_EPM_AION.xlsx = ConversionEPMtoAION\Documents\MAPPINGS\MAPPINGS\Copy of Project_Status_EPM_AION.xlsx
		ConversionEPMtoAION\Documents\MAPPINGS\MAPPINGS\Copy of Trades_AION_EPM_Mapping.xlsx = ConversionEPMtoAION\Documents\MAPPINGS\MAPPINGS\Copy of Trades_AION_EPM_Mapping.xlsx
		ConversionEPMtoAION\Documents\MAPPINGS\MAPPINGS\EPM_TO_AION_ACTIONS_Mapping_SARA.xlsx = ConversionEPMtoAION\Documents\MAPPINGS\MAPPINGS\EPM_TO_AION_ACTIONS_Mapping_SARA.xlsx
		ConversionEPMtoAION\Documents\MAPPINGS\MAPPINGS\review_types_Modified.xlsx = ConversionEPMtoAION\Documents\MAPPINGS\MAPPINGS\review_types_Modified.xlsx
	EndProjectSection
EndProject
Project("{FAE04EC0-301F-11D3-BF4B-00C04F79EFBC}") = "AIONData", "ConversionEPMtoAION\Projects\AIONData\AIONData.csproj", "{15863900-76A1-4E52-A122-0F989D977913}"
EndProject
Project("{FAE04EC0-301F-11D3-BF4B-00C04F79EFBC}") = "EPMData", "ConversionEPMtoAION\Projects\EPMData\EPMData.csproj", "{0BEDCCDC-EEBA-4A68-997C-F792661DA6CC}"
EndProject
Project("{FAE04EC0-301F-11D3-BF4B-00C04F79EFBC}") = "ReadAIONDb", "ConversionEPMtoAION\Projects\ReadAIONDb\ReadAIONDb.csproj", "{71495AC6-DF71-4178-998E-B67574A70990}"
EndProject
Project("{2150E333-8FDC-42A3-9474-1A3956D46DE8}") = "AION Runbooks", "AION Runbooks", "{7D4D9B4D-B7E5-413F-A3AC-2E613F4D238D}"
	ProjectSection(SolutionItems) = preProject
		Documentation\AION Runbooks\AION GO LIVE RunBook.xlsx = Documentation\AION Runbooks\AION GO LIVE RunBook.xlsx
		Documentation\AION Runbooks\AION Runbook.docx = Documentation\AION Runbooks\AION Runbook.docx
	EndProjectSection
EndProject
Project("{2150E333-8FDC-42A3-9474-1A3956D46DE8}") = "Solution Items", "Solution Items", "{B8547410-2F89-4B80-A8A4-1105DD3EC11A}"
EndProject
Global
	GlobalSection(SolutionConfigurationPlatforms) = preSolution
		Debug|Any CPU = Debug|Any CPU
		Debug|x86 = Debug|x86
		DEV|Any CPU = DEV|Any CPU
		DEV|x86 = DEV|x86
		PROD|Any CPU = PROD|Any CPU
		PROD|x86 = PROD|x86
		QA|Any CPU = QA|Any CPU
		QA|x86 = QA|x86
		Release|Any CPU = Release|Any CPU
		Release|x86 = Release|x86
		TST|Any CPU = TST|Any CPU
		TST|x86 = TST|x86
	EndGlobalSection
	GlobalSection(ProjectConfigurationPlatforms) = postSolution
		{F54DC2C5-F5BC-46CB-A3A2-FAAF89252013}.Debug|Any CPU.ActiveCfg = Debug|Any CPU
		{F54DC2C5-F5BC-46CB-A3A2-FAAF89252013}.Debug|Any CPU.Build.0 = Debug|Any CPU
		{F54DC2C5-F5BC-46CB-A3A2-FAAF89252013}.Debug|x86.ActiveCfg = Debug|Any CPU
		{F54DC2C5-F5BC-46CB-A3A2-FAAF89252013}.Debug|x86.Build.0 = Debug|Any CPU
		{F54DC2C5-F5BC-46CB-A3A2-FAAF89252013}.DEV|Any CPU.ActiveCfg = Debug|Any CPU
		{F54DC2C5-F5BC-46CB-A3A2-FAAF89252013}.DEV|Any CPU.Build.0 = Debug|Any CPU
		{F54DC2C5-F5BC-46CB-A3A2-FAAF89252013}.DEV|x86.ActiveCfg = Debug|Any CPU
		{F54DC2C5-F5BC-46CB-A3A2-FAAF89252013}.DEV|x86.Build.0 = Debug|Any CPU
		{F54DC2C5-F5BC-46CB-A3A2-FAAF89252013}.PROD|Any CPU.ActiveCfg = Release|Any CPU
		{F54DC2C5-F5BC-46CB-A3A2-FAAF89252013}.PROD|Any CPU.Build.0 = Release|Any CPU
		{F54DC2C5-F5BC-46CB-A3A2-FAAF89252013}.PROD|x86.ActiveCfg = Release|Any CPU
		{F54DC2C5-F5BC-46CB-A3A2-FAAF89252013}.PROD|x86.Build.0 = Release|Any CPU
		{F54DC2C5-F5BC-46CB-A3A2-FAAF89252013}.QA|Any CPU.ActiveCfg = Release|Any CPU
		{F54DC2C5-F5BC-46CB-A3A2-FAAF89252013}.QA|Any CPU.Build.0 = Release|Any CPU
		{F54DC2C5-F5BC-46CB-A3A2-FAAF89252013}.QA|x86.ActiveCfg = Release|Any CPU
		{F54DC2C5-F5BC-46CB-A3A2-FAAF89252013}.QA|x86.Build.0 = Release|Any CPU
		{F54DC2C5-F5BC-46CB-A3A2-FAAF89252013}.Release|Any CPU.ActiveCfg = Release|Any CPU
		{F54DC2C5-F5BC-46CB-A3A2-FAAF89252013}.Release|Any CPU.Build.0 = Release|Any CPU
		{F54DC2C5-F5BC-46CB-A3A2-FAAF89252013}.Release|x86.ActiveCfg = Release|Any CPU
		{F54DC2C5-F5BC-46CB-A3A2-FAAF89252013}.Release|x86.Build.0 = Release|Any CPU
		{F54DC2C5-F5BC-46CB-A3A2-FAAF89252013}.TST|Any CPU.ActiveCfg = Release|Any CPU
		{F54DC2C5-F5BC-46CB-A3A2-FAAF89252013}.TST|Any CPU.Build.0 = Release|Any CPU
		{F54DC2C5-F5BC-46CB-A3A2-FAAF89252013}.TST|x86.ActiveCfg = Release|Any CPU
		{F54DC2C5-F5BC-46CB-A3A2-FAAF89252013}.TST|x86.Build.0 = Release|Any CPU
		{30933672-466E-4F67-A111-ABF267539146}.Debug|Any CPU.ActiveCfg = Debug|Any CPU
		{30933672-466E-4F67-A111-ABF267539146}.Debug|Any CPU.Build.0 = Debug|Any CPU
		{30933672-466E-4F67-A111-ABF267539146}.Debug|x86.ActiveCfg = Debug|Any CPU
		{30933672-466E-4F67-A111-ABF267539146}.Debug|x86.Build.0 = Debug|Any CPU
		{30933672-466E-4F67-A111-ABF267539146}.DEV|Any CPU.ActiveCfg = Debug|Any CPU
		{30933672-466E-4F67-A111-ABF267539146}.DEV|Any CPU.Build.0 = Debug|Any CPU
		{30933672-466E-4F67-A111-ABF267539146}.DEV|x86.ActiveCfg = Debug|Any CPU
		{30933672-466E-4F67-A111-ABF267539146}.DEV|x86.Build.0 = Debug|Any CPU
		{30933672-466E-4F67-A111-ABF267539146}.PROD|Any CPU.ActiveCfg = Release|Any CPU
		{30933672-466E-4F67-A111-ABF267539146}.PROD|Any CPU.Build.0 = Release|Any CPU
		{30933672-466E-4F67-A111-ABF267539146}.PROD|x86.ActiveCfg = Release|Any CPU
		{30933672-466E-4F67-A111-ABF267539146}.PROD|x86.Build.0 = Release|Any CPU
		{30933672-466E-4F67-A111-ABF267539146}.QA|Any CPU.ActiveCfg = Release|Any CPU
		{30933672-466E-4F67-A111-ABF267539146}.QA|Any CPU.Build.0 = Release|Any CPU
		{30933672-466E-4F67-A111-ABF267539146}.QA|x86.ActiveCfg = Release|Any CPU
		{30933672-466E-4F67-A111-ABF267539146}.QA|x86.Build.0 = Release|Any CPU
		{30933672-466E-4F67-A111-ABF267539146}.Release|Any CPU.ActiveCfg = Release|Any CPU
		{30933672-466E-4F67-A111-ABF267539146}.Release|Any CPU.Build.0 = Release|Any CPU
		{30933672-466E-4F67-A111-ABF267539146}.Release|x86.ActiveCfg = Release|Any CPU
		{30933672-466E-4F67-A111-ABF267539146}.Release|x86.Build.0 = Release|Any CPU
		{30933672-466E-4F67-A111-ABF267539146}.TST|Any CPU.ActiveCfg = Release|Any CPU
		{30933672-466E-4F67-A111-ABF267539146}.TST|Any CPU.Build.0 = Release|Any CPU
		{30933672-466E-4F67-A111-ABF267539146}.TST|x86.ActiveCfg = Release|Any CPU
		{30933672-466E-4F67-A111-ABF267539146}.TST|x86.Build.0 = Release|Any CPU
		{BF8FC6CA-1611-40BF-B646-4A703A895F81}.Debug|Any CPU.ActiveCfg = Debug|Any CPU
		{BF8FC6CA-1611-40BF-B646-4A703A895F81}.Debug|Any CPU.Build.0 = Debug|Any CPU
		{BF8FC6CA-1611-40BF-B646-4A703A895F81}.Debug|x86.ActiveCfg = Debug|Any CPU
		{BF8FC6CA-1611-40BF-B646-4A703A895F81}.Debug|x86.Build.0 = Debug|Any CPU
		{BF8FC6CA-1611-40BF-B646-4A703A895F81}.DEV|Any CPU.ActiveCfg = Debug|Any CPU
		{BF8FC6CA-1611-40BF-B646-4A703A895F81}.DEV|Any CPU.Build.0 = Debug|Any CPU
		{BF8FC6CA-1611-40BF-B646-4A703A895F81}.DEV|x86.ActiveCfg = Debug|Any CPU
		{BF8FC6CA-1611-40BF-B646-4A703A895F81}.DEV|x86.Build.0 = Debug|Any CPU
		{BF8FC6CA-1611-40BF-B646-4A703A895F81}.PROD|Any CPU.ActiveCfg = Release|Any CPU
		{BF8FC6CA-1611-40BF-B646-4A703A895F81}.PROD|Any CPU.Build.0 = Release|Any CPU
		{BF8FC6CA-1611-40BF-B646-4A703A895F81}.PROD|x86.ActiveCfg = Release|Any CPU
		{BF8FC6CA-1611-40BF-B646-4A703A895F81}.PROD|x86.Build.0 = Release|Any CPU
		{BF8FC6CA-1611-40BF-B646-4A703A895F81}.QA|Any CPU.ActiveCfg = Release|Any CPU
		{BF8FC6CA-1611-40BF-B646-4A703A895F81}.QA|Any CPU.Build.0 = Release|Any CPU
		{BF8FC6CA-1611-40BF-B646-4A703A895F81}.QA|x86.ActiveCfg = Release|Any CPU
		{BF8FC6CA-1611-40BF-B646-4A703A895F81}.QA|x86.Build.0 = Release|Any CPU
		{BF8FC6CA-1611-40BF-B646-4A703A895F81}.Release|Any CPU.ActiveCfg = Release|Any CPU
		{BF8FC6CA-1611-40BF-B646-4A703A895F81}.Release|Any CPU.Build.0 = Release|Any CPU
		{BF8FC6CA-1611-40BF-B646-4A703A895F81}.Release|x86.ActiveCfg = Release|Any CPU
		{BF8FC6CA-1611-40BF-B646-4A703A895F81}.Release|x86.Build.0 = Release|Any CPU
		{BF8FC6CA-1611-40BF-B646-4A703A895F81}.TST|Any CPU.ActiveCfg = Release|Any CPU
		{BF8FC6CA-1611-40BF-B646-4A703A895F81}.TST|Any CPU.Build.0 = Release|Any CPU
		{BF8FC6CA-1611-40BF-B646-4A703A895F81}.TST|x86.ActiveCfg = Release|Any CPU
		{BF8FC6CA-1611-40BF-B646-4A703A895F81}.TST|x86.Build.0 = Release|Any CPU
		{3D235CD3-9012-4485-9A10-0ED0B09A423C}.Debug|Any CPU.ActiveCfg = Debug|Any CPU
		{3D235CD3-9012-4485-9A10-0ED0B09A423C}.Debug|Any CPU.Build.0 = Debug|Any CPU
		{3D235CD3-9012-4485-9A10-0ED0B09A423C}.Debug|x86.ActiveCfg = Debug|Any CPU
		{3D235CD3-9012-4485-9A10-0ED0B09A423C}.Debug|x86.Build.0 = Debug|Any CPU
		{3D235CD3-9012-4485-9A10-0ED0B09A423C}.DEV|Any CPU.ActiveCfg = Debug|Any CPU
		{3D235CD3-9012-4485-9A10-0ED0B09A423C}.DEV|Any CPU.Build.0 = Debug|Any CPU
		{3D235CD3-9012-4485-9A10-0ED0B09A423C}.DEV|x86.ActiveCfg = Debug|Any CPU
		{3D235CD3-9012-4485-9A10-0ED0B09A423C}.DEV|x86.Build.0 = Debug|Any CPU
		{3D235CD3-9012-4485-9A10-0ED0B09A423C}.PROD|Any CPU.ActiveCfg = Release|Any CPU
		{3D235CD3-9012-4485-9A10-0ED0B09A423C}.PROD|Any CPU.Build.0 = Release|Any CPU
		{3D235CD3-9012-4485-9A10-0ED0B09A423C}.PROD|x86.ActiveCfg = Release|Any CPU
		{3D235CD3-9012-4485-9A10-0ED0B09A423C}.PROD|x86.Build.0 = Release|Any CPU
		{3D235CD3-9012-4485-9A10-0ED0B09A423C}.QA|Any CPU.ActiveCfg = Release|Any CPU
		{3D235CD3-9012-4485-9A10-0ED0B09A423C}.QA|Any CPU.Build.0 = Release|Any CPU
		{3D235CD3-9012-4485-9A10-0ED0B09A423C}.QA|x86.ActiveCfg = Release|Any CPU
		{3D235CD3-9012-4485-9A10-0ED0B09A423C}.QA|x86.Build.0 = Release|Any CPU
		{3D235CD3-9012-4485-9A10-0ED0B09A423C}.Release|Any CPU.ActiveCfg = Release|Any CPU
		{3D235CD3-9012-4485-9A10-0ED0B09A423C}.Release|Any CPU.Build.0 = Release|Any CPU
		{3D235CD3-9012-4485-9A10-0ED0B09A423C}.Release|x86.ActiveCfg = Release|Any CPU
		{3D235CD3-9012-4485-9A10-0ED0B09A423C}.Release|x86.Build.0 = Release|Any CPU
		{3D235CD3-9012-4485-9A10-0ED0B09A423C}.TST|Any CPU.ActiveCfg = Release|Any CPU
		{3D235CD3-9012-4485-9A10-0ED0B09A423C}.TST|Any CPU.Build.0 = Release|Any CPU
		{3D235CD3-9012-4485-9A10-0ED0B09A423C}.TST|x86.ActiveCfg = Release|Any CPU
		{3D235CD3-9012-4485-9A10-0ED0B09A423C}.TST|x86.Build.0 = Release|Any CPU
		{B5D9E46E-1ED6-4D78-88D9-F5D96A2F3284}.Debug|Any CPU.ActiveCfg = Debug|Any CPU
		{B5D9E46E-1ED6-4D78-88D9-F5D96A2F3284}.Debug|Any CPU.Build.0 = Debug|Any CPU
		{B5D9E46E-1ED6-4D78-88D9-F5D96A2F3284}.Debug|x86.ActiveCfg = Debug|Any CPU
		{B5D9E46E-1ED6-4D78-88D9-F5D96A2F3284}.Debug|x86.Build.0 = Debug|Any CPU
		{B5D9E46E-1ED6-4D78-88D9-F5D96A2F3284}.DEV|Any CPU.ActiveCfg = DEV|Any CPU
		{B5D9E46E-1ED6-4D78-88D9-F5D96A2F3284}.DEV|Any CPU.Build.0 = DEV|Any CPU
		{B5D9E46E-1ED6-4D78-88D9-F5D96A2F3284}.DEV|x86.ActiveCfg = DEV|Any CPU
		{B5D9E46E-1ED6-4D78-88D9-F5D96A2F3284}.DEV|x86.Build.0 = DEV|Any CPU
		{B5D9E46E-1ED6-4D78-88D9-F5D96A2F3284}.PROD|Any CPU.ActiveCfg = PROD|Any CPU
		{B5D9E46E-1ED6-4D78-88D9-F5D96A2F3284}.PROD|Any CPU.Build.0 = PROD|Any CPU
		{B5D9E46E-1ED6-4D78-88D9-F5D96A2F3284}.PROD|x86.ActiveCfg = PROD|Any CPU
		{B5D9E46E-1ED6-4D78-88D9-F5D96A2F3284}.PROD|x86.Build.0 = PROD|Any CPU
		{B5D9E46E-1ED6-4D78-88D9-F5D96A2F3284}.QA|Any CPU.ActiveCfg = QA|Any CPU
		{B5D9E46E-1ED6-4D78-88D9-F5D96A2F3284}.QA|Any CPU.Build.0 = QA|Any CPU
		{B5D9E46E-1ED6-4D78-88D9-F5D96A2F3284}.QA|x86.ActiveCfg = QA|Any CPU
		{B5D9E46E-1ED6-4D78-88D9-F5D96A2F3284}.QA|x86.Build.0 = QA|Any CPU
		{B5D9E46E-1ED6-4D78-88D9-F5D96A2F3284}.Release|Any CPU.ActiveCfg = Release|Any CPU
		{B5D9E46E-1ED6-4D78-88D9-F5D96A2F3284}.Release|Any CPU.Build.0 = Release|Any CPU
		{B5D9E46E-1ED6-4D78-88D9-F5D96A2F3284}.Release|x86.ActiveCfg = Release|Any CPU
		{B5D9E46E-1ED6-4D78-88D9-F5D96A2F3284}.Release|x86.Build.0 = Release|Any CPU
		{B5D9E46E-1ED6-4D78-88D9-F5D96A2F3284}.TST|Any CPU.ActiveCfg = TST|Any CPU
		{B5D9E46E-1ED6-4D78-88D9-F5D96A2F3284}.TST|Any CPU.Build.0 = TST|Any CPU
		{B5D9E46E-1ED6-4D78-88D9-F5D96A2F3284}.TST|x86.ActiveCfg = TST|Any CPU
		{B5D9E46E-1ED6-4D78-88D9-F5D96A2F3284}.TST|x86.Build.0 = TST|Any CPU
		{DC24FA5C-639A-46A1-8DC5-D0FC030CC25F}.Debug|Any CPU.ActiveCfg = Debug|x86
		{DC24FA5C-639A-46A1-8DC5-D0FC030CC25F}.Debug|x86.ActiveCfg = Debug|x86
		{DC24FA5C-639A-46A1-8DC5-D0FC030CC25F}.Debug|x86.Build.0 = Debug|x86
		{DC24FA5C-639A-46A1-8DC5-D0FC030CC25F}.DEV|Any CPU.ActiveCfg = DEV|x86
		{DC24FA5C-639A-46A1-8DC5-D0FC030CC25F}.DEV|x86.ActiveCfg = DEV|x86
		{DC24FA5C-639A-46A1-8DC5-D0FC030CC25F}.DEV|x86.Build.0 = DEV|x86
		{DC24FA5C-639A-46A1-8DC5-D0FC030CC25F}.PROD|Any CPU.ActiveCfg = PROD|x86
		{DC24FA5C-639A-46A1-8DC5-D0FC030CC25F}.PROD|x86.ActiveCfg = PROD|x86
		{DC24FA5C-639A-46A1-8DC5-D0FC030CC25F}.PROD|x86.Build.0 = PROD|x86
		{DC24FA5C-639A-46A1-8DC5-D0FC030CC25F}.QA|Any CPU.ActiveCfg = QA|x86
		{DC24FA5C-639A-46A1-8DC5-D0FC030CC25F}.QA|x86.ActiveCfg = QA|x86
		{DC24FA5C-639A-46A1-8DC5-D0FC030CC25F}.QA|x86.Build.0 = QA|x86
		{DC24FA5C-639A-46A1-8DC5-D0FC030CC25F}.Release|Any CPU.ActiveCfg = Release|x86
		{DC24FA5C-639A-46A1-8DC5-D0FC030CC25F}.Release|x86.ActiveCfg = Release|x86
		{DC24FA5C-639A-46A1-8DC5-D0FC030CC25F}.Release|x86.Build.0 = Release|x86
		{DC24FA5C-639A-46A1-8DC5-D0FC030CC25F}.TST|Any CPU.ActiveCfg = TST|x86
		{DC24FA5C-639A-46A1-8DC5-D0FC030CC25F}.TST|x86.ActiveCfg = TST|x86
		{DC24FA5C-639A-46A1-8DC5-D0FC030CC25F}.TST|x86.Build.0 = TST|x86
		{8A0461DD-6F28-48FF-BF29-FDDECF7FF9D6}.Debug|Any CPU.ActiveCfg = Debug|Any CPU
		{8A0461DD-6F28-48FF-BF29-FDDECF7FF9D6}.Debug|Any CPU.Build.0 = Debug|Any CPU
		{8A0461DD-6F28-48FF-BF29-FDDECF7FF9D6}.Debug|x86.ActiveCfg = Debug|Any CPU
		{8A0461DD-6F28-48FF-BF29-FDDECF7FF9D6}.Debug|x86.Build.0 = Debug|Any CPU
		{8A0461DD-6F28-48FF-BF29-FDDECF7FF9D6}.DEV|Any CPU.ActiveCfg = Debug|Any CPU
		{8A0461DD-6F28-48FF-BF29-FDDECF7FF9D6}.DEV|Any CPU.Build.0 = Debug|Any CPU
		{8A0461DD-6F28-48FF-BF29-FDDECF7FF9D6}.DEV|x86.ActiveCfg = Debug|Any CPU
		{8A0461DD-6F28-48FF-BF29-FDDECF7FF9D6}.DEV|x86.Build.0 = Debug|Any CPU
		{8A0461DD-6F28-48FF-BF29-FDDECF7FF9D6}.PROD|Any CPU.ActiveCfg = Release|Any CPU
		{8A0461DD-6F28-48FF-BF29-FDDECF7FF9D6}.PROD|Any CPU.Build.0 = Release|Any CPU
		{8A0461DD-6F28-48FF-BF29-FDDECF7FF9D6}.PROD|x86.ActiveCfg = Release|Any CPU
		{8A0461DD-6F28-48FF-BF29-FDDECF7FF9D6}.PROD|x86.Build.0 = Release|Any CPU
		{8A0461DD-6F28-48FF-BF29-FDDECF7FF9D6}.QA|Any CPU.ActiveCfg = Release|Any CPU
		{8A0461DD-6F28-48FF-BF29-FDDECF7FF9D6}.QA|Any CPU.Build.0 = Release|Any CPU
		{8A0461DD-6F28-48FF-BF29-FDDECF7FF9D6}.QA|x86.ActiveCfg = Release|Any CPU
		{8A0461DD-6F28-48FF-BF29-FDDECF7FF9D6}.QA|x86.Build.0 = Release|Any CPU
		{8A0461DD-6F28-48FF-BF29-FDDECF7FF9D6}.Release|Any CPU.ActiveCfg = Release|Any CPU
		{8A0461DD-6F28-48FF-BF29-FDDECF7FF9D6}.Release|Any CPU.Build.0 = Release|Any CPU
		{8A0461DD-6F28-48FF-BF29-FDDECF7FF9D6}.Release|x86.ActiveCfg = Release|Any CPU
		{8A0461DD-6F28-48FF-BF29-FDDECF7FF9D6}.Release|x86.Build.0 = Release|Any CPU
		{8A0461DD-6F28-48FF-BF29-FDDECF7FF9D6}.TST|Any CPU.ActiveCfg = Release|Any CPU
		{8A0461DD-6F28-48FF-BF29-FDDECF7FF9D6}.TST|Any CPU.Build.0 = Release|Any CPU
		{8A0461DD-6F28-48FF-BF29-FDDECF7FF9D6}.TST|x86.ActiveCfg = Release|Any CPU
		{8A0461DD-6F28-48FF-BF29-FDDECF7FF9D6}.TST|x86.Build.0 = Release|Any CPU
		{C0280304-BE9C-4B98-8C71-F2FBCA008579}.Debug|Any CPU.ActiveCfg = Debug|Any CPU
		{C0280304-BE9C-4B98-8C71-F2FBCA008579}.Debug|Any CPU.Build.0 = Debug|Any CPU
		{C0280304-BE9C-4B98-8C71-F2FBCA008579}.Debug|x86.ActiveCfg = Debug|Any CPU
		{C0280304-BE9C-4B98-8C71-F2FBCA008579}.Debug|x86.Build.0 = Debug|Any CPU
		{C0280304-BE9C-4B98-8C71-F2FBCA008579}.DEV|Any CPU.ActiveCfg = Debug|Any CPU
		{C0280304-BE9C-4B98-8C71-F2FBCA008579}.DEV|Any CPU.Build.0 = Debug|Any CPU
		{C0280304-BE9C-4B98-8C71-F2FBCA008579}.DEV|x86.ActiveCfg = Debug|Any CPU
		{C0280304-BE9C-4B98-8C71-F2FBCA008579}.DEV|x86.Build.0 = Debug|Any CPU
		{C0280304-BE9C-4B98-8C71-F2FBCA008579}.PROD|Any CPU.ActiveCfg = Release|Any CPU
		{C0280304-BE9C-4B98-8C71-F2FBCA008579}.PROD|Any CPU.Build.0 = Release|Any CPU
		{C0280304-BE9C-4B98-8C71-F2FBCA008579}.PROD|x86.ActiveCfg = Release|Any CPU
		{C0280304-BE9C-4B98-8C71-F2FBCA008579}.PROD|x86.Build.0 = Release|Any CPU
		{C0280304-BE9C-4B98-8C71-F2FBCA008579}.QA|Any CPU.ActiveCfg = Release|Any CPU
		{C0280304-BE9C-4B98-8C71-F2FBCA008579}.QA|Any CPU.Build.0 = Release|Any CPU
		{C0280304-BE9C-4B98-8C71-F2FBCA008579}.QA|x86.ActiveCfg = Release|Any CPU
		{C0280304-BE9C-4B98-8C71-F2FBCA008579}.QA|x86.Build.0 = Release|Any CPU
		{C0280304-BE9C-4B98-8C71-F2FBCA008579}.Release|Any CPU.ActiveCfg = Release|Any CPU
		{C0280304-BE9C-4B98-8C71-F2FBCA008579}.Release|Any CPU.Build.0 = Release|Any CPU
		{C0280304-BE9C-4B98-8C71-F2FBCA008579}.Release|x86.ActiveCfg = Release|Any CPU
		{C0280304-BE9C-4B98-8C71-F2FBCA008579}.Release|x86.Build.0 = Release|Any CPU
		{C0280304-BE9C-4B98-8C71-F2FBCA008579}.TST|Any CPU.ActiveCfg = Release|Any CPU
		{C0280304-BE9C-4B98-8C71-F2FBCA008579}.TST|Any CPU.Build.0 = Release|Any CPU
		{C0280304-BE9C-4B98-8C71-F2FBCA008579}.TST|x86.ActiveCfg = Release|Any CPU
		{C0280304-BE9C-4B98-8C71-F2FBCA008579}.TST|x86.Build.0 = Release|Any CPU
		{A1E1E276-E87C-450E-B7DF-BE89DA5DFB88}.Debug|Any CPU.ActiveCfg = Debug|Any CPU
		{A1E1E276-E87C-450E-B7DF-BE89DA5DFB88}.Debug|Any CPU.Build.0 = Debug|Any CPU
		{A1E1E276-E87C-450E-B7DF-BE89DA5DFB88}.Debug|x86.ActiveCfg = Debug|Any CPU
		{A1E1E276-E87C-450E-B7DF-BE89DA5DFB88}.Debug|x86.Build.0 = Debug|Any CPU
		{A1E1E276-E87C-450E-B7DF-BE89DA5DFB88}.DEV|Any CPU.ActiveCfg = DEV|Any CPU
		{A1E1E276-E87C-450E-B7DF-BE89DA5DFB88}.DEV|Any CPU.Build.0 = DEV|Any CPU
		{A1E1E276-E87C-450E-B7DF-BE89DA5DFB88}.DEV|x86.ActiveCfg = DEV|Any CPU
		{A1E1E276-E87C-450E-B7DF-BE89DA5DFB88}.DEV|x86.Build.0 = DEV|Any CPU
		{A1E1E276-E87C-450E-B7DF-BE89DA5DFB88}.PROD|Any CPU.ActiveCfg = PROD|Any CPU
		{A1E1E276-E87C-450E-B7DF-BE89DA5DFB88}.PROD|Any CPU.Build.0 = PROD|Any CPU
		{A1E1E276-E87C-450E-B7DF-BE89DA5DFB88}.PROD|x86.ActiveCfg = PROD|Any CPU
		{A1E1E276-E87C-450E-B7DF-BE89DA5DFB88}.PROD|x86.Build.0 = PROD|Any CPU
		{A1E1E276-E87C-450E-B7DF-BE89DA5DFB88}.QA|Any CPU.ActiveCfg = QA|Any CPU
		{A1E1E276-E87C-450E-B7DF-BE89DA5DFB88}.QA|Any CPU.Build.0 = QA|Any CPU
		{A1E1E276-E87C-450E-B7DF-BE89DA5DFB88}.QA|x86.ActiveCfg = QA|Any CPU
		{A1E1E276-E87C-450E-B7DF-BE89DA5DFB88}.QA|x86.Build.0 = QA|Any CPU
		{A1E1E276-E87C-450E-B7DF-BE89DA5DFB88}.Release|Any CPU.ActiveCfg = Release|Any CPU
		{A1E1E276-E87C-450E-B7DF-BE89DA5DFB88}.Release|Any CPU.Build.0 = Release|Any CPU
		{A1E1E276-E87C-450E-B7DF-BE89DA5DFB88}.Release|x86.ActiveCfg = Release|Any CPU
		{A1E1E276-E87C-450E-B7DF-BE89DA5DFB88}.Release|x86.Build.0 = Release|Any CPU
		{A1E1E276-E87C-450E-B7DF-BE89DA5DFB88}.TST|Any CPU.ActiveCfg = TST|Any CPU
		{A1E1E276-E87C-450E-B7DF-BE89DA5DFB88}.TST|Any CPU.Build.0 = TST|Any CPU
		{A1E1E276-E87C-450E-B7DF-BE89DA5DFB88}.TST|x86.ActiveCfg = TST|Any CPU
		{A1E1E276-E87C-450E-B7DF-BE89DA5DFB88}.TST|x86.Build.0 = TST|Any CPU
		{A6345D62-9EAA-44FD-97CB-AB7EEEBE541A}.Debug|Any CPU.ActiveCfg = Debug|Any CPU
		{A6345D62-9EAA-44FD-97CB-AB7EEEBE541A}.Debug|Any CPU.Build.0 = Debug|Any CPU
		{A6345D62-9EAA-44FD-97CB-AB7EEEBE541A}.Debug|x86.ActiveCfg = Debug|Any CPU
		{A6345D62-9EAA-44FD-97CB-AB7EEEBE541A}.Debug|x86.Build.0 = Debug|Any CPU
		{A6345D62-9EAA-44FD-97CB-AB7EEEBE541A}.DEV|Any CPU.ActiveCfg = DEV|Any CPU
		{A6345D62-9EAA-44FD-97CB-AB7EEEBE541A}.DEV|Any CPU.Build.0 = DEV|Any CPU
		{A6345D62-9EAA-44FD-97CB-AB7EEEBE541A}.DEV|x86.ActiveCfg = DEV|Any CPU
		{A6345D62-9EAA-44FD-97CB-AB7EEEBE541A}.DEV|x86.Build.0 = DEV|Any CPU
		{A6345D62-9EAA-44FD-97CB-AB7EEEBE541A}.PROD|Any CPU.ActiveCfg = PROD|Any CPU
		{A6345D62-9EAA-44FD-97CB-AB7EEEBE541A}.PROD|Any CPU.Build.0 = PROD|Any CPU
		{A6345D62-9EAA-44FD-97CB-AB7EEEBE541A}.PROD|x86.ActiveCfg = PROD|Any CPU
		{A6345D62-9EAA-44FD-97CB-AB7EEEBE541A}.PROD|x86.Build.0 = PROD|Any CPU
		{A6345D62-9EAA-44FD-97CB-AB7EEEBE541A}.QA|Any CPU.ActiveCfg = QA|Any CPU
		{A6345D62-9EAA-44FD-97CB-AB7EEEBE541A}.QA|Any CPU.Build.0 = QA|Any CPU
		{A6345D62-9EAA-44FD-97CB-AB7EEEBE541A}.QA|x86.ActiveCfg = QA|Any CPU
		{A6345D62-9EAA-44FD-97CB-AB7EEEBE541A}.QA|x86.Build.0 = QA|Any CPU
		{A6345D62-9EAA-44FD-97CB-AB7EEEBE541A}.Release|Any CPU.ActiveCfg = Release|Any CPU
		{A6345D62-9EAA-44FD-97CB-AB7EEEBE541A}.Release|Any CPU.Build.0 = Release|Any CPU
		{A6345D62-9EAA-44FD-97CB-AB7EEEBE541A}.Release|x86.ActiveCfg = Release|Any CPU
		{A6345D62-9EAA-44FD-97CB-AB7EEEBE541A}.Release|x86.Build.0 = Release|Any CPU
		{A6345D62-9EAA-44FD-97CB-AB7EEEBE541A}.TST|Any CPU.ActiveCfg = TST|Any CPU
		{A6345D62-9EAA-44FD-97CB-AB7EEEBE541A}.TST|Any CPU.Build.0 = TST|Any CPU
		{A6345D62-9EAA-44FD-97CB-AB7EEEBE541A}.TST|x86.ActiveCfg = TST|Any CPU
		{A6345D62-9EAA-44FD-97CB-AB7EEEBE541A}.TST|x86.Build.0 = TST|Any CPU
		{2593C32A-B26B-4F45-AFCE-7EEEF55D7CC6}.Debug|Any CPU.ActiveCfg = Debug|Any CPU
		{2593C32A-B26B-4F45-AFCE-7EEEF55D7CC6}.Debug|Any CPU.Build.0 = Debug|Any CPU
		{2593C32A-B26B-4F45-AFCE-7EEEF55D7CC6}.Debug|x86.ActiveCfg = Debug|Any CPU
		{2593C32A-B26B-4F45-AFCE-7EEEF55D7CC6}.Debug|x86.Build.0 = Debug|Any CPU
		{2593C32A-B26B-4F45-AFCE-7EEEF55D7CC6}.DEV|Any CPU.ActiveCfg = DEV|Any CPU
		{2593C32A-B26B-4F45-AFCE-7EEEF55D7CC6}.DEV|Any CPU.Build.0 = DEV|Any CPU
		{2593C32A-B26B-4F45-AFCE-7EEEF55D7CC6}.DEV|x86.ActiveCfg = DEV|Any CPU
		{2593C32A-B26B-4F45-AFCE-7EEEF55D7CC6}.DEV|x86.Build.0 = DEV|Any CPU
		{2593C32A-B26B-4F45-AFCE-7EEEF55D7CC6}.PROD|Any CPU.ActiveCfg = PROD|Any CPU
		{2593C32A-B26B-4F45-AFCE-7EEEF55D7CC6}.PROD|Any CPU.Build.0 = PROD|Any CPU
		{2593C32A-B26B-4F45-AFCE-7EEEF55D7CC6}.PROD|x86.ActiveCfg = PROD|Any CPU
		{2593C32A-B26B-4F45-AFCE-7EEEF55D7CC6}.PROD|x86.Build.0 = PROD|Any CPU
		{2593C32A-B26B-4F45-AFCE-7EEEF55D7CC6}.QA|Any CPU.ActiveCfg = QA|Any CPU
		{2593C32A-B26B-4F45-AFCE-7EEEF55D7CC6}.QA|Any CPU.Build.0 = QA|Any CPU
		{2593C32A-B26B-4F45-AFCE-7EEEF55D7CC6}.QA|x86.ActiveCfg = QA|Any CPU
		{2593C32A-B26B-4F45-AFCE-7EEEF55D7CC6}.QA|x86.Build.0 = QA|Any CPU
		{2593C32A-B26B-4F45-AFCE-7EEEF55D7CC6}.Release|Any CPU.ActiveCfg = Release|Any CPU
		{2593C32A-B26B-4F45-AFCE-7EEEF55D7CC6}.Release|Any CPU.Build.0 = Release|Any CPU
		{2593C32A-B26B-4F45-AFCE-7EEEF55D7CC6}.Release|x86.ActiveCfg = Release|Any CPU
		{2593C32A-B26B-4F45-AFCE-7EEEF55D7CC6}.Release|x86.Build.0 = Release|Any CPU
		{2593C32A-B26B-4F45-AFCE-7EEEF55D7CC6}.TST|Any CPU.ActiveCfg = TST|Any CPU
		{2593C32A-B26B-4F45-AFCE-7EEEF55D7CC6}.TST|Any CPU.Build.0 = TST|Any CPU
		{2593C32A-B26B-4F45-AFCE-7EEEF55D7CC6}.TST|x86.ActiveCfg = TST|Any CPU
		{2593C32A-B26B-4F45-AFCE-7EEEF55D7CC6}.TST|x86.Build.0 = TST|Any CPU
		{23923058-F4A7-4837-A277-21C405338BA5}.Debug|Any CPU.ActiveCfg = Debug|Any CPU
		{23923058-F4A7-4837-A277-21C405338BA5}.Debug|Any CPU.Build.0 = Debug|Any CPU
		{23923058-F4A7-4837-A277-21C405338BA5}.Debug|x86.ActiveCfg = Debug|Any CPU
		{23923058-F4A7-4837-A277-21C405338BA5}.Debug|x86.Build.0 = Debug|Any CPU
		{23923058-F4A7-4837-A277-21C405338BA5}.DEV|Any CPU.ActiveCfg = Debug|Any CPU
		{23923058-F4A7-4837-A277-21C405338BA5}.DEV|Any CPU.Build.0 = Debug|Any CPU
		{23923058-F4A7-4837-A277-21C405338BA5}.DEV|x86.ActiveCfg = Debug|Any CPU
		{23923058-F4A7-4837-A277-21C405338BA5}.DEV|x86.Build.0 = Debug|Any CPU
		{23923058-F4A7-4837-A277-21C405338BA5}.PROD|Any CPU.ActiveCfg = Debug|Any CPU
		{23923058-F4A7-4837-A277-21C405338BA5}.PROD|Any CPU.Build.0 = Debug|Any CPU
		{23923058-F4A7-4837-A277-21C405338BA5}.PROD|x86.ActiveCfg = Debug|Any CPU
		{23923058-F4A7-4837-A277-21C405338BA5}.PROD|x86.Build.0 = Debug|Any CPU
		{23923058-F4A7-4837-A277-21C405338BA5}.QA|Any CPU.ActiveCfg = Debug|Any CPU
		{23923058-F4A7-4837-A277-21C405338BA5}.QA|Any CPU.Build.0 = Debug|Any CPU
		{23923058-F4A7-4837-A277-21C405338BA5}.QA|x86.ActiveCfg = Debug|Any CPU
		{23923058-F4A7-4837-A277-21C405338BA5}.QA|x86.Build.0 = Debug|Any CPU
		{23923058-F4A7-4837-A277-21C405338BA5}.Release|Any CPU.ActiveCfg = Release|Any CPU
		{23923058-F4A7-4837-A277-21C405338BA5}.Release|Any CPU.Build.0 = Release|Any CPU
		{23923058-F4A7-4837-A277-21C405338BA5}.Release|x86.ActiveCfg = Release|Any CPU
		{23923058-F4A7-4837-A277-21C405338BA5}.Release|x86.Build.0 = Release|Any CPU
		{23923058-F4A7-4837-A277-21C405338BA5}.TST|Any CPU.ActiveCfg = Debug|Any CPU
		{23923058-F4A7-4837-A277-21C405338BA5}.TST|Any CPU.Build.0 = Debug|Any CPU
		{23923058-F4A7-4837-A277-21C405338BA5}.TST|x86.ActiveCfg = Debug|Any CPU
		{23923058-F4A7-4837-A277-21C405338BA5}.TST|x86.Build.0 = Debug|Any CPU
		{A1629121-7125-4257-8574-F19D04EF1C48}.Debug|Any CPU.ActiveCfg = Debug|Any CPU
		{A1629121-7125-4257-8574-F19D04EF1C48}.Debug|Any CPU.Build.0 = Debug|Any CPU
		{A1629121-7125-4257-8574-F19D04EF1C48}.Debug|x86.ActiveCfg = Debug|Any CPU
		{A1629121-7125-4257-8574-F19D04EF1C48}.Debug|x86.Build.0 = Debug|Any CPU
		{A1629121-7125-4257-8574-F19D04EF1C48}.DEV|Any CPU.ActiveCfg = Debug|Any CPU
		{A1629121-7125-4257-8574-F19D04EF1C48}.DEV|Any CPU.Build.0 = Debug|Any CPU
		{A1629121-7125-4257-8574-F19D04EF1C48}.DEV|x86.ActiveCfg = Debug|Any CPU
		{A1629121-7125-4257-8574-F19D04EF1C48}.DEV|x86.Build.0 = Debug|Any CPU
		{A1629121-7125-4257-8574-F19D04EF1C48}.PROD|Any CPU.ActiveCfg = Release|Any CPU
		{A1629121-7125-4257-8574-F19D04EF1C48}.PROD|Any CPU.Build.0 = Release|Any CPU
		{A1629121-7125-4257-8574-F19D04EF1C48}.PROD|x86.ActiveCfg = Release|Any CPU
		{A1629121-7125-4257-8574-F19D04EF1C48}.PROD|x86.Build.0 = Release|Any CPU
		{A1629121-7125-4257-8574-F19D04EF1C48}.QA|Any CPU.ActiveCfg = Release|Any CPU
		{A1629121-7125-4257-8574-F19D04EF1C48}.QA|Any CPU.Build.0 = Release|Any CPU
		{A1629121-7125-4257-8574-F19D04EF1C48}.QA|x86.ActiveCfg = Release|Any CPU
		{A1629121-7125-4257-8574-F19D04EF1C48}.QA|x86.Build.0 = Release|Any CPU
		{A1629121-7125-4257-8574-F19D04EF1C48}.Release|Any CPU.ActiveCfg = Release|Any CPU
		{A1629121-7125-4257-8574-F19D04EF1C48}.Release|Any CPU.Build.0 = Release|Any CPU
		{A1629121-7125-4257-8574-F19D04EF1C48}.Release|x86.ActiveCfg = Release|Any CPU
		{A1629121-7125-4257-8574-F19D04EF1C48}.Release|x86.Build.0 = Release|Any CPU
		{A1629121-7125-4257-8574-F19D04EF1C48}.TST|Any CPU.ActiveCfg = Release|Any CPU
		{A1629121-7125-4257-8574-F19D04EF1C48}.TST|Any CPU.Build.0 = Release|Any CPU
		{A1629121-7125-4257-8574-F19D04EF1C48}.TST|x86.ActiveCfg = Release|Any CPU
		{A1629121-7125-4257-8574-F19D04EF1C48}.TST|x86.Build.0 = Release|Any CPU
		{0B810892-CC65-4445-8DC1-9D5E4580E308}.Debug|Any CPU.ActiveCfg = Debug|Any CPU
		{0B810892-CC65-4445-8DC1-9D5E4580E308}.Debug|Any CPU.Build.0 = Debug|Any CPU
		{0B810892-CC65-4445-8DC1-9D5E4580E308}.Debug|x86.ActiveCfg = Debug|Any CPU
		{0B810892-CC65-4445-8DC1-9D5E4580E308}.Debug|x86.Build.0 = Debug|Any CPU
		{0B810892-CC65-4445-8DC1-9D5E4580E308}.DEV|Any CPU.ActiveCfg = Debug|Any CPU
		{0B810892-CC65-4445-8DC1-9D5E4580E308}.DEV|Any CPU.Build.0 = Debug|Any CPU
		{0B810892-CC65-4445-8DC1-9D5E4580E308}.DEV|x86.ActiveCfg = Debug|Any CPU
		{0B810892-CC65-4445-8DC1-9D5E4580E308}.DEV|x86.Build.0 = Debug|Any CPU
		{0B810892-CC65-4445-8DC1-9D5E4580E308}.PROD|Any CPU.ActiveCfg = Release|Any CPU
		{0B810892-CC65-4445-8DC1-9D5E4580E308}.PROD|Any CPU.Build.0 = Release|Any CPU
		{0B810892-CC65-4445-8DC1-9D5E4580E308}.PROD|x86.ActiveCfg = Release|Any CPU
		{0B810892-CC65-4445-8DC1-9D5E4580E308}.PROD|x86.Build.0 = Release|Any CPU
		{0B810892-CC65-4445-8DC1-9D5E4580E308}.QA|Any CPU.ActiveCfg = Release|Any CPU
		{0B810892-CC65-4445-8DC1-9D5E4580E308}.QA|Any CPU.Build.0 = Release|Any CPU
		{0B810892-CC65-4445-8DC1-9D5E4580E308}.QA|x86.ActiveCfg = Release|Any CPU
		{0B810892-CC65-4445-8DC1-9D5E4580E308}.QA|x86.Build.0 = Release|Any CPU
		{0B810892-CC65-4445-8DC1-9D5E4580E308}.Release|Any CPU.ActiveCfg = Release|Any CPU
		{0B810892-CC65-4445-8DC1-9D5E4580E308}.Release|Any CPU.Build.0 = Release|Any CPU
		{0B810892-CC65-4445-8DC1-9D5E4580E308}.Release|x86.ActiveCfg = Release|Any CPU
		{0B810892-CC65-4445-8DC1-9D5E4580E308}.Release|x86.Build.0 = Release|Any CPU
		{0B810892-CC65-4445-8DC1-9D5E4580E308}.TST|Any CPU.ActiveCfg = Release|Any CPU
		{0B810892-CC65-4445-8DC1-9D5E4580E308}.TST|Any CPU.Build.0 = Release|Any CPU
		{0B810892-CC65-4445-8DC1-9D5E4580E308}.TST|x86.ActiveCfg = Release|Any CPU
		{0B810892-CC65-4445-8DC1-9D5E4580E308}.TST|x86.Build.0 = Release|Any CPU
		{C6AC05CA-DBBC-4CD8-A71B-255A11CF935A}.Debug|Any CPU.ActiveCfg = Debug|Any CPU
		{C6AC05CA-DBBC-4CD8-A71B-255A11CF935A}.Debug|Any CPU.Build.0 = Debug|Any CPU
		{C6AC05CA-DBBC-4CD8-A71B-255A11CF935A}.Debug|x86.ActiveCfg = Debug|Any CPU
		{C6AC05CA-DBBC-4CD8-A71B-255A11CF935A}.Debug|x86.Build.0 = Debug|Any CPU
		{C6AC05CA-DBBC-4CD8-A71B-255A11CF935A}.DEV|Any CPU.ActiveCfg = Debug|Any CPU
		{C6AC05CA-DBBC-4CD8-A71B-255A11CF935A}.DEV|Any CPU.Build.0 = Debug|Any CPU
		{C6AC05CA-DBBC-4CD8-A71B-255A11CF935A}.DEV|x86.ActiveCfg = Debug|Any CPU
		{C6AC05CA-DBBC-4CD8-A71B-255A11CF935A}.DEV|x86.Build.0 = Debug|Any CPU
		{C6AC05CA-DBBC-4CD8-A71B-255A11CF935A}.PROD|Any CPU.ActiveCfg = Release|Any CPU
		{C6AC05CA-DBBC-4CD8-A71B-255A11CF935A}.PROD|Any CPU.Build.0 = Release|Any CPU
		{C6AC05CA-DBBC-4CD8-A71B-255A11CF935A}.PROD|x86.ActiveCfg = Release|Any CPU
		{C6AC05CA-DBBC-4CD8-A71B-255A11CF935A}.PROD|x86.Build.0 = Release|Any CPU
		{C6AC05CA-DBBC-4CD8-A71B-255A11CF935A}.QA|Any CPU.ActiveCfg = Release|Any CPU
		{C6AC05CA-DBBC-4CD8-A71B-255A11CF935A}.QA|Any CPU.Build.0 = Release|Any CPU
		{C6AC05CA-DBBC-4CD8-A71B-255A11CF935A}.QA|x86.ActiveCfg = Release|Any CPU
		{C6AC05CA-DBBC-4CD8-A71B-255A11CF935A}.QA|x86.Build.0 = Release|Any CPU
		{C6AC05CA-DBBC-4CD8-A71B-255A11CF935A}.Release|Any CPU.ActiveCfg = Release|Any CPU
		{C6AC05CA-DBBC-4CD8-A71B-255A11CF935A}.Release|Any CPU.Build.0 = Release|Any CPU
		{C6AC05CA-DBBC-4CD8-A71B-255A11CF935A}.Release|x86.ActiveCfg = Release|Any CPU
		{C6AC05CA-DBBC-4CD8-A71B-255A11CF935A}.Release|x86.Build.0 = Release|Any CPU
		{C6AC05CA-DBBC-4CD8-A71B-255A11CF935A}.TST|Any CPU.ActiveCfg = Release|Any CPU
		{C6AC05CA-DBBC-4CD8-A71B-255A11CF935A}.TST|Any CPU.Build.0 = Release|Any CPU
		{C6AC05CA-DBBC-4CD8-A71B-255A11CF935A}.TST|x86.ActiveCfg = Release|Any CPU
		{C6AC05CA-DBBC-4CD8-A71B-255A11CF935A}.TST|x86.Build.0 = Release|Any CPU
		{D10E5A9C-A1C4-4BC6-94FF-39BDC2AD091C}.Debug|Any CPU.ActiveCfg = Debug|Any CPU
		{D10E5A9C-A1C4-4BC6-94FF-39BDC2AD091C}.Debug|Any CPU.Build.0 = Debug|Any CPU
		{D10E5A9C-A1C4-4BC6-94FF-39BDC2AD091C}.Debug|x86.ActiveCfg = Debug|Any CPU
		{D10E5A9C-A1C4-4BC6-94FF-39BDC2AD091C}.Debug|x86.Build.0 = Debug|Any CPU
		{D10E5A9C-A1C4-4BC6-94FF-39BDC2AD091C}.DEV|Any CPU.ActiveCfg = Debug|Any CPU
		{D10E5A9C-A1C4-4BC6-94FF-39BDC2AD091C}.DEV|Any CPU.Build.0 = Debug|Any CPU
		{D10E5A9C-A1C4-4BC6-94FF-39BDC2AD091C}.DEV|x86.ActiveCfg = Debug|Any CPU
		{D10E5A9C-A1C4-4BC6-94FF-39BDC2AD091C}.DEV|x86.Build.0 = Debug|Any CPU
		{D10E5A9C-A1C4-4BC6-94FF-39BDC2AD091C}.PROD|Any CPU.ActiveCfg = Release|Any CPU
		{D10E5A9C-A1C4-4BC6-94FF-39BDC2AD091C}.PROD|Any CPU.Build.0 = Release|Any CPU
		{D10E5A9C-A1C4-4BC6-94FF-39BDC2AD091C}.PROD|x86.ActiveCfg = Release|Any CPU
		{D10E5A9C-A1C4-4BC6-94FF-39BDC2AD091C}.PROD|x86.Build.0 = Release|Any CPU
		{D10E5A9C-A1C4-4BC6-94FF-39BDC2AD091C}.QA|Any CPU.ActiveCfg = Release|Any CPU
		{D10E5A9C-A1C4-4BC6-94FF-39BDC2AD091C}.QA|Any CPU.Build.0 = Release|Any CPU
		{D10E5A9C-A1C4-4BC6-94FF-39BDC2AD091C}.QA|x86.ActiveCfg = Release|Any CPU
		{D10E5A9C-A1C4-4BC6-94FF-39BDC2AD091C}.QA|x86.Build.0 = Release|Any CPU
		{D10E5A9C-A1C4-4BC6-94FF-39BDC2AD091C}.Release|Any CPU.ActiveCfg = Release|Any CPU
		{D10E5A9C-A1C4-4BC6-94FF-39BDC2AD091C}.Release|Any CPU.Build.0 = Release|Any CPU
		{D10E5A9C-A1C4-4BC6-94FF-39BDC2AD091C}.Release|x86.ActiveCfg = Release|Any CPU
		{D10E5A9C-A1C4-4BC6-94FF-39BDC2AD091C}.Release|x86.Build.0 = Release|Any CPU
		{D10E5A9C-A1C4-4BC6-94FF-39BDC2AD091C}.TST|Any CPU.ActiveCfg = Release|Any CPU
		{D10E5A9C-A1C4-4BC6-94FF-39BDC2AD091C}.TST|Any CPU.Build.0 = Release|Any CPU
		{D10E5A9C-A1C4-4BC6-94FF-39BDC2AD091C}.TST|x86.ActiveCfg = Release|Any CPU
		{D10E5A9C-A1C4-4BC6-94FF-39BDC2AD091C}.TST|x86.Build.0 = Release|Any CPU
		{D717203C-5C40-4328-8D90-270B56929061}.Debug|Any CPU.ActiveCfg = Debug|Any CPU
		{D717203C-5C40-4328-8D90-270B56929061}.Debug|Any CPU.Build.0 = Debug|Any CPU
		{D717203C-5C40-4328-8D90-270B56929061}.Debug|x86.ActiveCfg = Debug|Any CPU
		{D717203C-5C40-4328-8D90-270B56929061}.Debug|x86.Build.0 = Debug|Any CPU
		{D717203C-5C40-4328-8D90-270B56929061}.DEV|Any CPU.ActiveCfg = Debug|Any CPU
		{D717203C-5C40-4328-8D90-270B56929061}.DEV|Any CPU.Build.0 = Debug|Any CPU
		{D717203C-5C40-4328-8D90-270B56929061}.DEV|x86.ActiveCfg = Debug|Any CPU
		{D717203C-5C40-4328-8D90-270B56929061}.DEV|x86.Build.0 = Debug|Any CPU
		{D717203C-5C40-4328-8D90-270B56929061}.PROD|Any CPU.ActiveCfg = Debug|Any CPU
		{D717203C-5C40-4328-8D90-270B56929061}.PROD|Any CPU.Build.0 = Debug|Any CPU
		{D717203C-5C40-4328-8D90-270B56929061}.PROD|x86.ActiveCfg = Debug|Any CPU
		{D717203C-5C40-4328-8D90-270B56929061}.PROD|x86.Build.0 = Debug|Any CPU
		{D717203C-5C40-4328-8D90-270B56929061}.QA|Any CPU.ActiveCfg = Debug|Any CPU
		{D717203C-5C40-4328-8D90-270B56929061}.QA|Any CPU.Build.0 = Debug|Any CPU
		{D717203C-5C40-4328-8D90-270B56929061}.QA|x86.ActiveCfg = Debug|Any CPU
		{D717203C-5C40-4328-8D90-270B56929061}.QA|x86.Build.0 = Debug|Any CPU
		{D717203C-5C40-4328-8D90-270B56929061}.Release|Any CPU.ActiveCfg = Release|Any CPU
		{D717203C-5C40-4328-8D90-270B56929061}.Release|Any CPU.Build.0 = Release|Any CPU
		{D717203C-5C40-4328-8D90-270B56929061}.Release|x86.ActiveCfg = Release|Any CPU
		{D717203C-5C40-4328-8D90-270B56929061}.Release|x86.Build.0 = Release|Any CPU
		{D717203C-5C40-4328-8D90-270B56929061}.TST|Any CPU.ActiveCfg = Debug|Any CPU
		{D717203C-5C40-4328-8D90-270B56929061}.TST|Any CPU.Build.0 = Debug|Any CPU
		{D717203C-5C40-4328-8D90-270B56929061}.TST|x86.ActiveCfg = Debug|Any CPU
		{D717203C-5C40-4328-8D90-270B56929061}.TST|x86.Build.0 = Debug|Any CPU
		{356A4A44-299F-44CA-A920-7851E8A5C11C}.Debug|Any CPU.ActiveCfg = Debug|Any CPU
		{356A4A44-299F-44CA-A920-7851E8A5C11C}.Debug|Any CPU.Build.0 = Debug|Any CPU
		{356A4A44-299F-44CA-A920-7851E8A5C11C}.Debug|x86.ActiveCfg = Debug|Any CPU
		{356A4A44-299F-44CA-A920-7851E8A5C11C}.Debug|x86.Build.0 = Debug|Any CPU
		{356A4A44-299F-44CA-A920-7851E8A5C11C}.DEV|Any CPU.ActiveCfg = Debug|Any CPU
		{356A4A44-299F-44CA-A920-7851E8A5C11C}.DEV|Any CPU.Build.0 = Debug|Any CPU
		{356A4A44-299F-44CA-A920-7851E8A5C11C}.DEV|x86.ActiveCfg = Debug|Any CPU
		{356A4A44-299F-44CA-A920-7851E8A5C11C}.DEV|x86.Build.0 = Debug|Any CPU
		{356A4A44-299F-44CA-A920-7851E8A5C11C}.PROD|Any CPU.ActiveCfg = Release|Any CPU
		{356A4A44-299F-44CA-A920-7851E8A5C11C}.PROD|Any CPU.Build.0 = Release|Any CPU
		{356A4A44-299F-44CA-A920-7851E8A5C11C}.PROD|x86.ActiveCfg = Release|Any CPU
		{356A4A44-299F-44CA-A920-7851E8A5C11C}.PROD|x86.Build.0 = Release|Any CPU
		{356A4A44-299F-44CA-A920-7851E8A5C11C}.QA|Any CPU.ActiveCfg = Release|Any CPU
		{356A4A44-299F-44CA-A920-7851E8A5C11C}.QA|Any CPU.Build.0 = Release|Any CPU
		{356A4A44-299F-44CA-A920-7851E8A5C11C}.QA|x86.ActiveCfg = Release|Any CPU
		{356A4A44-299F-44CA-A920-7851E8A5C11C}.QA|x86.Build.0 = Release|Any CPU
		{356A4A44-299F-44CA-A920-7851E8A5C11C}.Release|Any CPU.ActiveCfg = Release|Any CPU
		{356A4A44-299F-44CA-A920-7851E8A5C11C}.Release|Any CPU.Build.0 = Release|Any CPU
		{356A4A44-299F-44CA-A920-7851E8A5C11C}.Release|x86.ActiveCfg = Release|Any CPU
		{356A4A44-299F-44CA-A920-7851E8A5C11C}.Release|x86.Build.0 = Release|Any CPU
		{356A4A44-299F-44CA-A920-7851E8A5C11C}.TST|Any CPU.ActiveCfg = Release|Any CPU
		{356A4A44-299F-44CA-A920-7851E8A5C11C}.TST|Any CPU.Build.0 = Release|Any CPU
		{356A4A44-299F-44CA-A920-7851E8A5C11C}.TST|x86.ActiveCfg = Release|Any CPU
		{356A4A44-299F-44CA-A920-7851E8A5C11C}.TST|x86.Build.0 = Release|Any CPU
		{46D1B2C9-EA81-45F7-AB60-085A641DCCD1}.Debug|Any CPU.ActiveCfg = Debug|Any CPU
		{46D1B2C9-EA81-45F7-AB60-085A641DCCD1}.Debug|Any CPU.Build.0 = Debug|Any CPU
		{46D1B2C9-EA81-45F7-AB60-085A641DCCD1}.Debug|x86.ActiveCfg = Debug|Any CPU
		{46D1B2C9-EA81-45F7-AB60-085A641DCCD1}.Debug|x86.Build.0 = Debug|Any CPU
		{46D1B2C9-EA81-45F7-AB60-085A641DCCD1}.DEV|Any CPU.ActiveCfg = Debug|Any CPU
		{46D1B2C9-EA81-45F7-AB60-085A641DCCD1}.DEV|Any CPU.Build.0 = Debug|Any CPU
		{46D1B2C9-EA81-45F7-AB60-085A641DCCD1}.DEV|x86.ActiveCfg = Debug|Any CPU
		{46D1B2C9-EA81-45F7-AB60-085A641DCCD1}.DEV|x86.Build.0 = Debug|Any CPU
		{46D1B2C9-EA81-45F7-AB60-085A641DCCD1}.PROD|Any CPU.ActiveCfg = Release|Any CPU
		{46D1B2C9-EA81-45F7-AB60-085A641DCCD1}.PROD|Any CPU.Build.0 = Release|Any CPU
		{46D1B2C9-EA81-45F7-AB60-085A641DCCD1}.PROD|x86.ActiveCfg = Release|Any CPU
		{46D1B2C9-EA81-45F7-AB60-085A641DCCD1}.PROD|x86.Build.0 = Release|Any CPU
		{46D1B2C9-EA81-45F7-AB60-085A641DCCD1}.QA|Any CPU.ActiveCfg = Release|Any CPU
		{46D1B2C9-EA81-45F7-AB60-085A641DCCD1}.QA|Any CPU.Build.0 = Release|Any CPU
		{46D1B2C9-EA81-45F7-AB60-085A641DCCD1}.QA|x86.ActiveCfg = Release|Any CPU
		{46D1B2C9-EA81-45F7-AB60-085A641DCCD1}.QA|x86.Build.0 = Release|Any CPU
		{46D1B2C9-EA81-45F7-AB60-085A641DCCD1}.Release|Any CPU.ActiveCfg = Release|Any CPU
		{46D1B2C9-EA81-45F7-AB60-085A641DCCD1}.Release|Any CPU.Build.0 = Release|Any CPU
		{46D1B2C9-EA81-45F7-AB60-085A641DCCD1}.Release|x86.ActiveCfg = Release|Any CPU
		{46D1B2C9-EA81-45F7-AB60-085A641DCCD1}.Release|x86.Build.0 = Release|Any CPU
		{46D1B2C9-EA81-45F7-AB60-085A641DCCD1}.TST|Any CPU.ActiveCfg = Release|Any CPU
		{46D1B2C9-EA81-45F7-AB60-085A641DCCD1}.TST|Any CPU.Build.0 = Release|Any CPU
		{46D1B2C9-EA81-45F7-AB60-085A641DCCD1}.TST|x86.ActiveCfg = Release|Any CPU
		{46D1B2C9-EA81-45F7-AB60-085A641DCCD1}.TST|x86.Build.0 = Release|Any CPU
		{BDD853A1-4A58-4A55-B4F5-AD03F27DAC3B}.Debug|Any CPU.ActiveCfg = Debug|Any CPU
		{BDD853A1-4A58-4A55-B4F5-AD03F27DAC3B}.Debug|Any CPU.Build.0 = Debug|Any CPU
		{BDD853A1-4A58-4A55-B4F5-AD03F27DAC3B}.Debug|x86.ActiveCfg = Debug|Any CPU
		{BDD853A1-4A58-4A55-B4F5-AD03F27DAC3B}.Debug|x86.Build.0 = Debug|Any CPU
		{BDD853A1-4A58-4A55-B4F5-AD03F27DAC3B}.DEV|Any CPU.ActiveCfg = Debug|Any CPU
		{BDD853A1-4A58-4A55-B4F5-AD03F27DAC3B}.DEV|Any CPU.Build.0 = Debug|Any CPU
		{BDD853A1-4A58-4A55-B4F5-AD03F27DAC3B}.DEV|x86.ActiveCfg = Debug|Any CPU
		{BDD853A1-4A58-4A55-B4F5-AD03F27DAC3B}.DEV|x86.Build.0 = Debug|Any CPU
		{BDD853A1-4A58-4A55-B4F5-AD03F27DAC3B}.PROD|Any CPU.ActiveCfg = Release|Any CPU
		{BDD853A1-4A58-4A55-B4F5-AD03F27DAC3B}.PROD|Any CPU.Build.0 = Release|Any CPU
		{BDD853A1-4A58-4A55-B4F5-AD03F27DAC3B}.PROD|x86.ActiveCfg = Release|Any CPU
		{BDD853A1-4A58-4A55-B4F5-AD03F27DAC3B}.PROD|x86.Build.0 = Release|Any CPU
		{BDD853A1-4A58-4A55-B4F5-AD03F27DAC3B}.QA|Any CPU.ActiveCfg = Release|Any CPU
		{BDD853A1-4A58-4A55-B4F5-AD03F27DAC3B}.QA|Any CPU.Build.0 = Release|Any CPU
		{BDD853A1-4A58-4A55-B4F5-AD03F27DAC3B}.QA|x86.ActiveCfg = Release|Any CPU
		{BDD853A1-4A58-4A55-B4F5-AD03F27DAC3B}.QA|x86.Build.0 = Release|Any CPU
		{BDD853A1-4A58-4A55-B4F5-AD03F27DAC3B}.Release|Any CPU.ActiveCfg = Release|Any CPU
		{BDD853A1-4A58-4A55-B4F5-AD03F27DAC3B}.Release|Any CPU.Build.0 = Release|Any CPU
		{BDD853A1-4A58-4A55-B4F5-AD03F27DAC3B}.Release|x86.ActiveCfg = Release|Any CPU
		{BDD853A1-4A58-4A55-B4F5-AD03F27DAC3B}.Release|x86.Build.0 = Release|Any CPU
		{BDD853A1-4A58-4A55-B4F5-AD03F27DAC3B}.TST|Any CPU.ActiveCfg = Release|Any CPU
		{BDD853A1-4A58-4A55-B4F5-AD03F27DAC3B}.TST|Any CPU.Build.0 = Release|Any CPU
		{BDD853A1-4A58-4A55-B4F5-AD03F27DAC3B}.TST|x86.ActiveCfg = Release|Any CPU
		{BDD853A1-4A58-4A55-B4F5-AD03F27DAC3B}.TST|x86.Build.0 = Release|Any CPU
		{5330790E-F5E5-423F-9B64-3B9008F86987}.Debug|Any CPU.ActiveCfg = Debug|Any CPU
		{5330790E-F5E5-423F-9B64-3B9008F86987}.Debug|Any CPU.Build.0 = Debug|Any CPU
		{5330790E-F5E5-423F-9B64-3B9008F86987}.Debug|x86.ActiveCfg = Debug|Any CPU
		{5330790E-F5E5-423F-9B64-3B9008F86987}.Debug|x86.Build.0 = Debug|Any CPU
		{5330790E-F5E5-423F-9B64-3B9008F86987}.DEV|Any CPU.ActiveCfg = Debug|Any CPU
		{5330790E-F5E5-423F-9B64-3B9008F86987}.DEV|Any CPU.Build.0 = Debug|Any CPU
		{5330790E-F5E5-423F-9B64-3B9008F86987}.DEV|x86.ActiveCfg = Debug|Any CPU
		{5330790E-F5E5-423F-9B64-3B9008F86987}.DEV|x86.Build.0 = Debug|Any CPU
		{5330790E-F5E5-423F-9B64-3B9008F86987}.PROD|Any CPU.ActiveCfg = Release|Any CPU
		{5330790E-F5E5-423F-9B64-3B9008F86987}.PROD|Any CPU.Build.0 = Release|Any CPU
		{5330790E-F5E5-423F-9B64-3B9008F86987}.PROD|x86.ActiveCfg = Release|Any CPU
		{5330790E-F5E5-423F-9B64-3B9008F86987}.PROD|x86.Build.0 = Release|Any CPU
		{5330790E-F5E5-423F-9B64-3B9008F86987}.QA|Any CPU.ActiveCfg = Release|Any CPU
		{5330790E-F5E5-423F-9B64-3B9008F86987}.QA|Any CPU.Build.0 = Release|Any CPU
		{5330790E-F5E5-423F-9B64-3B9008F86987}.QA|x86.ActiveCfg = Release|Any CPU
		{5330790E-F5E5-423F-9B64-3B9008F86987}.QA|x86.Build.0 = Release|Any CPU
		{5330790E-F5E5-423F-9B64-3B9008F86987}.Release|Any CPU.ActiveCfg = Release|Any CPU
		{5330790E-F5E5-423F-9B64-3B9008F86987}.Release|Any CPU.Build.0 = Release|Any CPU
		{5330790E-F5E5-423F-9B64-3B9008F86987}.Release|x86.ActiveCfg = Release|Any CPU
		{5330790E-F5E5-423F-9B64-3B9008F86987}.Release|x86.Build.0 = Release|Any CPU
		{5330790E-F5E5-423F-9B64-3B9008F86987}.TST|Any CPU.ActiveCfg = Release|Any CPU
		{5330790E-F5E5-423F-9B64-3B9008F86987}.TST|Any CPU.Build.0 = Release|Any CPU
		{5330790E-F5E5-423F-9B64-3B9008F86987}.TST|x86.ActiveCfg = Release|Any CPU
		{5330790E-F5E5-423F-9B64-3B9008F86987}.TST|x86.Build.0 = Release|Any CPU
		{D45A5BF0-42C5-40CA-8BCD-5C3E38D1933C}.Debug|Any CPU.ActiveCfg = Debug|Any CPU
		{D45A5BF0-42C5-40CA-8BCD-5C3E38D1933C}.Debug|Any CPU.Build.0 = Debug|Any CPU
		{D45A5BF0-42C5-40CA-8BCD-5C3E38D1933C}.Debug|x86.ActiveCfg = Debug|Any CPU
		{D45A5BF0-42C5-40CA-8BCD-5C3E38D1933C}.Debug|x86.Build.0 = Debug|Any CPU
		{D45A5BF0-42C5-40CA-8BCD-5C3E38D1933C}.DEV|Any CPU.ActiveCfg = Debug|Any CPU
		{D45A5BF0-42C5-40CA-8BCD-5C3E38D1933C}.DEV|Any CPU.Build.0 = Debug|Any CPU
		{D45A5BF0-42C5-40CA-8BCD-5C3E38D1933C}.DEV|x86.ActiveCfg = Debug|Any CPU
		{D45A5BF0-42C5-40CA-8BCD-5C3E38D1933C}.DEV|x86.Build.0 = Debug|Any CPU
		{D45A5BF0-42C5-40CA-8BCD-5C3E38D1933C}.PROD|Any CPU.ActiveCfg = Release|Any CPU
		{D45A5BF0-42C5-40CA-8BCD-5C3E38D1933C}.PROD|Any CPU.Build.0 = Release|Any CPU
		{D45A5BF0-42C5-40CA-8BCD-5C3E38D1933C}.PROD|x86.ActiveCfg = Release|Any CPU
		{D45A5BF0-42C5-40CA-8BCD-5C3E38D1933C}.PROD|x86.Build.0 = Release|Any CPU
		{D45A5BF0-42C5-40CA-8BCD-5C3E38D1933C}.QA|Any CPU.ActiveCfg = Release|Any CPU
		{D45A5BF0-42C5-40CA-8BCD-5C3E38D1933C}.QA|Any CPU.Build.0 = Release|Any CPU
		{D45A5BF0-42C5-40CA-8BCD-5C3E38D1933C}.QA|x86.ActiveCfg = Release|Any CPU
		{D45A5BF0-42C5-40CA-8BCD-5C3E38D1933C}.QA|x86.Build.0 = Release|Any CPU
		{D45A5BF0-42C5-40CA-8BCD-5C3E38D1933C}.Release|Any CPU.ActiveCfg = Release|Any CPU
		{D45A5BF0-42C5-40CA-8BCD-5C3E38D1933C}.Release|Any CPU.Build.0 = Release|Any CPU
		{D45A5BF0-42C5-40CA-8BCD-5C3E38D1933C}.Release|x86.ActiveCfg = Release|Any CPU
		{D45A5BF0-42C5-40CA-8BCD-5C3E38D1933C}.Release|x86.Build.0 = Release|Any CPU
		{D45A5BF0-42C5-40CA-8BCD-5C3E38D1933C}.TST|Any CPU.ActiveCfg = Release|Any CPU
		{D45A5BF0-42C5-40CA-8BCD-5C3E38D1933C}.TST|Any CPU.Build.0 = Release|Any CPU
		{D45A5BF0-42C5-40CA-8BCD-5C3E38D1933C}.TST|x86.ActiveCfg = Release|Any CPU
		{D45A5BF0-42C5-40CA-8BCD-5C3E38D1933C}.TST|x86.Build.0 = Release|Any CPU
		{EAD20172-08F7-4110-93A7-1DCFC94B3AAC}.Debug|Any CPU.ActiveCfg = Debug|Any CPU
		{EAD20172-08F7-4110-93A7-1DCFC94B3AAC}.Debug|Any CPU.Build.0 = Debug|Any CPU
		{EAD20172-08F7-4110-93A7-1DCFC94B3AAC}.Debug|x86.ActiveCfg = Debug|Any CPU
		{EAD20172-08F7-4110-93A7-1DCFC94B3AAC}.Debug|x86.Build.0 = Debug|Any CPU
		{EAD20172-08F7-4110-93A7-1DCFC94B3AAC}.DEV|Any CPU.ActiveCfg = Debug|Any CPU
		{EAD20172-08F7-4110-93A7-1DCFC94B3AAC}.DEV|Any CPU.Build.0 = Debug|Any CPU
		{EAD20172-08F7-4110-93A7-1DCFC94B3AAC}.DEV|x86.ActiveCfg = Debug|Any CPU
		{EAD20172-08F7-4110-93A7-1DCFC94B3AAC}.DEV|x86.Build.0 = Debug|Any CPU
		{EAD20172-08F7-4110-93A7-1DCFC94B3AAC}.PROD|Any CPU.ActiveCfg = Release|Any CPU
		{EAD20172-08F7-4110-93A7-1DCFC94B3AAC}.PROD|Any CPU.Build.0 = Release|Any CPU
		{EAD20172-08F7-4110-93A7-1DCFC94B3AAC}.PROD|x86.ActiveCfg = Release|Any CPU
		{EAD20172-08F7-4110-93A7-1DCFC94B3AAC}.PROD|x86.Build.0 = Release|Any CPU
		{EAD20172-08F7-4110-93A7-1DCFC94B3AAC}.QA|Any CPU.ActiveCfg = Release|Any CPU
		{EAD20172-08F7-4110-93A7-1DCFC94B3AAC}.QA|Any CPU.Build.0 = Release|Any CPU
		{EAD20172-08F7-4110-93A7-1DCFC94B3AAC}.QA|x86.ActiveCfg = Release|Any CPU
		{EAD20172-08F7-4110-93A7-1DCFC94B3AAC}.QA|x86.Build.0 = Release|Any CPU
		{EAD20172-08F7-4110-93A7-1DCFC94B3AAC}.Release|Any CPU.ActiveCfg = Release|Any CPU
		{EAD20172-08F7-4110-93A7-1DCFC94B3AAC}.Release|Any CPU.Build.0 = Release|Any CPU
		{EAD20172-08F7-4110-93A7-1DCFC94B3AAC}.Release|x86.ActiveCfg = Release|Any CPU
		{EAD20172-08F7-4110-93A7-1DCFC94B3AAC}.Release|x86.Build.0 = Release|Any CPU
		{EAD20172-08F7-4110-93A7-1DCFC94B3AAC}.TST|Any CPU.ActiveCfg = Release|Any CPU
		{EAD20172-08F7-4110-93A7-1DCFC94B3AAC}.TST|Any CPU.Build.0 = Release|Any CPU
		{EAD20172-08F7-4110-93A7-1DCFC94B3AAC}.TST|x86.ActiveCfg = Release|Any CPU
		{EAD20172-08F7-4110-93A7-1DCFC94B3AAC}.TST|x86.Build.0 = Release|Any CPU
		{65C68F23-955D-43FC-B387-9DF838604D16}.Debug|Any CPU.ActiveCfg = Debug|Any CPU
		{65C68F23-955D-43FC-B387-9DF838604D16}.Debug|Any CPU.Build.0 = Debug|Any CPU
		{65C68F23-955D-43FC-B387-9DF838604D16}.Debug|x86.ActiveCfg = Debug|Any CPU
		{65C68F23-955D-43FC-B387-9DF838604D16}.Debug|x86.Build.0 = Debug|Any CPU
		{65C68F23-955D-43FC-B387-9DF838604D16}.DEV|Any CPU.ActiveCfg = Debug|Any CPU
		{65C68F23-955D-43FC-B387-9DF838604D16}.DEV|Any CPU.Build.0 = Debug|Any CPU
		{65C68F23-955D-43FC-B387-9DF838604D16}.DEV|x86.ActiveCfg = Debug|Any CPU
		{65C68F23-955D-43FC-B387-9DF838604D16}.DEV|x86.Build.0 = Debug|Any CPU
		{65C68F23-955D-43FC-B387-9DF838604D16}.PROD|Any CPU.ActiveCfg = Release|Any CPU
		{65C68F23-955D-43FC-B387-9DF838604D16}.PROD|Any CPU.Build.0 = Release|Any CPU
		{65C68F23-955D-43FC-B387-9DF838604D16}.PROD|x86.ActiveCfg = Release|Any CPU
		{65C68F23-955D-43FC-B387-9DF838604D16}.PROD|x86.Build.0 = Release|Any CPU
		{65C68F23-955D-43FC-B387-9DF838604D16}.QA|Any CPU.ActiveCfg = Release|Any CPU
		{65C68F23-955D-43FC-B387-9DF838604D16}.QA|Any CPU.Build.0 = Release|Any CPU
		{65C68F23-955D-43FC-B387-9DF838604D16}.QA|x86.ActiveCfg = Release|Any CPU
		{65C68F23-955D-43FC-B387-9DF838604D16}.QA|x86.Build.0 = Release|Any CPU
		{65C68F23-955D-43FC-B387-9DF838604D16}.Release|Any CPU.ActiveCfg = Release|Any CPU
		{65C68F23-955D-43FC-B387-9DF838604D16}.Release|Any CPU.Build.0 = Release|Any CPU
		{65C68F23-955D-43FC-B387-9DF838604D16}.Release|x86.ActiveCfg = Release|Any CPU
		{65C68F23-955D-43FC-B387-9DF838604D16}.Release|x86.Build.0 = Release|Any CPU
		{65C68F23-955D-43FC-B387-9DF838604D16}.TST|Any CPU.ActiveCfg = Release|Any CPU
		{65C68F23-955D-43FC-B387-9DF838604D16}.TST|Any CPU.Build.0 = Release|Any CPU
		{65C68F23-955D-43FC-B387-9DF838604D16}.TST|x86.ActiveCfg = Release|Any CPU
		{65C68F23-955D-43FC-B387-9DF838604D16}.TST|x86.Build.0 = Release|Any CPU
		{B3D0A79D-2718-4AD2-8519-83731DC94840}.Debug|Any CPU.ActiveCfg = Debug|Any CPU
		{B3D0A79D-2718-4AD2-8519-83731DC94840}.Debug|Any CPU.Build.0 = Debug|Any CPU
		{B3D0A79D-2718-4AD2-8519-83731DC94840}.Debug|x86.ActiveCfg = Debug|Any CPU
		{B3D0A79D-2718-4AD2-8519-83731DC94840}.Debug|x86.Build.0 = Debug|Any CPU
		{B3D0A79D-2718-4AD2-8519-83731DC94840}.DEV|Any CPU.ActiveCfg = Debug|Any CPU
		{B3D0A79D-2718-4AD2-8519-83731DC94840}.DEV|Any CPU.Build.0 = Debug|Any CPU
		{B3D0A79D-2718-4AD2-8519-83731DC94840}.DEV|x86.ActiveCfg = Debug|Any CPU
		{B3D0A79D-2718-4AD2-8519-83731DC94840}.DEV|x86.Build.0 = Debug|Any CPU
		{B3D0A79D-2718-4AD2-8519-83731DC94840}.PROD|Any CPU.ActiveCfg = Release|Any CPU
		{B3D0A79D-2718-4AD2-8519-83731DC94840}.PROD|Any CPU.Build.0 = Release|Any CPU
		{B3D0A79D-2718-4AD2-8519-83731DC94840}.PROD|x86.ActiveCfg = Release|Any CPU
		{B3D0A79D-2718-4AD2-8519-83731DC94840}.PROD|x86.Build.0 = Release|Any CPU
		{B3D0A79D-2718-4AD2-8519-83731DC94840}.QA|Any CPU.ActiveCfg = Release|Any CPU
		{B3D0A79D-2718-4AD2-8519-83731DC94840}.QA|Any CPU.Build.0 = Release|Any CPU
		{B3D0A79D-2718-4AD2-8519-83731DC94840}.QA|x86.ActiveCfg = Release|Any CPU
		{B3D0A79D-2718-4AD2-8519-83731DC94840}.QA|x86.Build.0 = Release|Any CPU
		{B3D0A79D-2718-4AD2-8519-83731DC94840}.Release|Any CPU.ActiveCfg = Release|Any CPU
		{B3D0A79D-2718-4AD2-8519-83731DC94840}.Release|Any CPU.Build.0 = Release|Any CPU
		{B3D0A79D-2718-4AD2-8519-83731DC94840}.Release|x86.ActiveCfg = Release|Any CPU
		{B3D0A79D-2718-4AD2-8519-83731DC94840}.Release|x86.Build.0 = Release|Any CPU
		{B3D0A79D-2718-4AD2-8519-83731DC94840}.TST|Any CPU.ActiveCfg = Release|Any CPU
		{B3D0A79D-2718-4AD2-8519-83731DC94840}.TST|Any CPU.Build.0 = Release|Any CPU
		{B3D0A79D-2718-4AD2-8519-83731DC94840}.TST|x86.ActiveCfg = Release|Any CPU
		{B3D0A79D-2718-4AD2-8519-83731DC94840}.TST|x86.Build.0 = Release|Any CPU
		{44659EF2-6800-4933-A7C5-F662C9FB485C}.Debug|Any CPU.ActiveCfg = Debug|Any CPU
		{44659EF2-6800-4933-A7C5-F662C9FB485C}.Debug|Any CPU.Build.0 = Debug|Any CPU
		{44659EF2-6800-4933-A7C5-F662C9FB485C}.Debug|x86.ActiveCfg = Debug|Any CPU
		{44659EF2-6800-4933-A7C5-F662C9FB485C}.Debug|x86.Build.0 = Debug|Any CPU
		{44659EF2-6800-4933-A7C5-F662C9FB485C}.DEV|Any CPU.ActiveCfg = Debug|Any CPU
		{44659EF2-6800-4933-A7C5-F662C9FB485C}.DEV|Any CPU.Build.0 = Debug|Any CPU
		{44659EF2-6800-4933-A7C5-F662C9FB485C}.DEV|x86.ActiveCfg = Debug|Any CPU
		{44659EF2-6800-4933-A7C5-F662C9FB485C}.DEV|x86.Build.0 = Debug|Any CPU
		{44659EF2-6800-4933-A7C5-F662C9FB485C}.PROD|Any CPU.ActiveCfg = Release|Any CPU
		{44659EF2-6800-4933-A7C5-F662C9FB485C}.PROD|Any CPU.Build.0 = Release|Any CPU
		{44659EF2-6800-4933-A7C5-F662C9FB485C}.PROD|x86.ActiveCfg = Release|Any CPU
		{44659EF2-6800-4933-A7C5-F662C9FB485C}.PROD|x86.Build.0 = Release|Any CPU
		{44659EF2-6800-4933-A7C5-F662C9FB485C}.QA|Any CPU.ActiveCfg = Release|Any CPU
		{44659EF2-6800-4933-A7C5-F662C9FB485C}.QA|Any CPU.Build.0 = Release|Any CPU
		{44659EF2-6800-4933-A7C5-F662C9FB485C}.QA|x86.ActiveCfg = Release|Any CPU
		{44659EF2-6800-4933-A7C5-F662C9FB485C}.QA|x86.Build.0 = Release|Any CPU
		{44659EF2-6800-4933-A7C5-F662C9FB485C}.Release|Any CPU.ActiveCfg = Release|Any CPU
		{44659EF2-6800-4933-A7C5-F662C9FB485C}.Release|Any CPU.Build.0 = Release|Any CPU
		{44659EF2-6800-4933-A7C5-F662C9FB485C}.Release|x86.ActiveCfg = Release|Any CPU
		{44659EF2-6800-4933-A7C5-F662C9FB485C}.Release|x86.Build.0 = Release|Any CPU
		{44659EF2-6800-4933-A7C5-F662C9FB485C}.TST|Any CPU.ActiveCfg = Release|Any CPU
		{44659EF2-6800-4933-A7C5-F662C9FB485C}.TST|Any CPU.Build.0 = Release|Any CPU
		{44659EF2-6800-4933-A7C5-F662C9FB485C}.TST|x86.ActiveCfg = Release|Any CPU
		{44659EF2-6800-4933-A7C5-F662C9FB485C}.TST|x86.Build.0 = Release|Any CPU
		{9FD4857B-4B76-4467-81F7-7E821E7DC7A3}.Debug|Any CPU.ActiveCfg = Debug|Any CPU
		{9FD4857B-4B76-4467-81F7-7E821E7DC7A3}.Debug|Any CPU.Build.0 = Debug|Any CPU
		{9FD4857B-4B76-4467-81F7-7E821E7DC7A3}.Debug|x86.ActiveCfg = Debug|Any CPU
		{9FD4857B-4B76-4467-81F7-7E821E7DC7A3}.Debug|x86.Build.0 = Debug|Any CPU
		{9FD4857B-4B76-4467-81F7-7E821E7DC7A3}.DEV|Any CPU.ActiveCfg = Debug|Any CPU
		{9FD4857B-4B76-4467-81F7-7E821E7DC7A3}.DEV|Any CPU.Build.0 = Debug|Any CPU
		{9FD4857B-4B76-4467-81F7-7E821E7DC7A3}.DEV|x86.ActiveCfg = Debug|Any CPU
		{9FD4857B-4B76-4467-81F7-7E821E7DC7A3}.DEV|x86.Build.0 = Debug|Any CPU
		{9FD4857B-4B76-4467-81F7-7E821E7DC7A3}.PROD|Any CPU.ActiveCfg = Release|Any CPU
		{9FD4857B-4B76-4467-81F7-7E821E7DC7A3}.PROD|Any CPU.Build.0 = Release|Any CPU
		{9FD4857B-4B76-4467-81F7-7E821E7DC7A3}.PROD|x86.ActiveCfg = Release|Any CPU
		{9FD4857B-4B76-4467-81F7-7E821E7DC7A3}.PROD|x86.Build.0 = Release|Any CPU
		{9FD4857B-4B76-4467-81F7-7E821E7DC7A3}.QA|Any CPU.ActiveCfg = Release|Any CPU
		{9FD4857B-4B76-4467-81F7-7E821E7DC7A3}.QA|Any CPU.Build.0 = Release|Any CPU
		{9FD4857B-4B76-4467-81F7-7E821E7DC7A3}.QA|x86.ActiveCfg = Release|Any CPU
		{9FD4857B-4B76-4467-81F7-7E821E7DC7A3}.QA|x86.Build.0 = Release|Any CPU
		{9FD4857B-4B76-4467-81F7-7E821E7DC7A3}.Release|Any CPU.ActiveCfg = Release|Any CPU
		{9FD4857B-4B76-4467-81F7-7E821E7DC7A3}.Release|Any CPU.Build.0 = Release|Any CPU
		{9FD4857B-4B76-4467-81F7-7E821E7DC7A3}.Release|x86.ActiveCfg = Release|Any CPU
		{9FD4857B-4B76-4467-81F7-7E821E7DC7A3}.Release|x86.Build.0 = Release|Any CPU
		{9FD4857B-4B76-4467-81F7-7E821E7DC7A3}.TST|Any CPU.ActiveCfg = Release|Any CPU
		{9FD4857B-4B76-4467-81F7-7E821E7DC7A3}.TST|Any CPU.Build.0 = Release|Any CPU
		{9FD4857B-4B76-4467-81F7-7E821E7DC7A3}.TST|x86.ActiveCfg = Release|Any CPU
		{9FD4857B-4B76-4467-81F7-7E821E7DC7A3}.TST|x86.Build.0 = Release|Any CPU
		{60B61F02-3775-4BCD-BB6A-3A8E812F5EC3}.Debug|Any CPU.ActiveCfg = Debug|Any CPU
		{60B61F02-3775-4BCD-BB6A-3A8E812F5EC3}.Debug|Any CPU.Build.0 = Debug|Any CPU
		{60B61F02-3775-4BCD-BB6A-3A8E812F5EC3}.Debug|x86.ActiveCfg = Debug|Any CPU
		{60B61F02-3775-4BCD-BB6A-3A8E812F5EC3}.Debug|x86.Build.0 = Debug|Any CPU
		{60B61F02-3775-4BCD-BB6A-3A8E812F5EC3}.DEV|Any CPU.ActiveCfg = Debug|Any CPU
		{60B61F02-3775-4BCD-BB6A-3A8E812F5EC3}.DEV|Any CPU.Build.0 = Debug|Any CPU
		{60B61F02-3775-4BCD-BB6A-3A8E812F5EC3}.DEV|x86.ActiveCfg = Debug|Any CPU
		{60B61F02-3775-4BCD-BB6A-3A8E812F5EC3}.DEV|x86.Build.0 = Debug|Any CPU
		{60B61F02-3775-4BCD-BB6A-3A8E812F5EC3}.PROD|Any CPU.ActiveCfg = Release|Any CPU
		{60B61F02-3775-4BCD-BB6A-3A8E812F5EC3}.PROD|Any CPU.Build.0 = Release|Any CPU
		{60B61F02-3775-4BCD-BB6A-3A8E812F5EC3}.PROD|x86.ActiveCfg = Release|Any CPU
		{60B61F02-3775-4BCD-BB6A-3A8E812F5EC3}.PROD|x86.Build.0 = Release|Any CPU
		{60B61F02-3775-4BCD-BB6A-3A8E812F5EC3}.QA|Any CPU.ActiveCfg = Release|Any CPU
		{60B61F02-3775-4BCD-BB6A-3A8E812F5EC3}.QA|Any CPU.Build.0 = Release|Any CPU
		{60B61F02-3775-4BCD-BB6A-3A8E812F5EC3}.QA|x86.ActiveCfg = Release|Any CPU
		{60B61F02-3775-4BCD-BB6A-3A8E812F5EC3}.QA|x86.Build.0 = Release|Any CPU
		{60B61F02-3775-4BCD-BB6A-3A8E812F5EC3}.Release|Any CPU.ActiveCfg = Release|Any CPU
		{60B61F02-3775-4BCD-BB6A-3A8E812F5EC3}.Release|Any CPU.Build.0 = Release|Any CPU
		{60B61F02-3775-4BCD-BB6A-3A8E812F5EC3}.Release|x86.ActiveCfg = Release|Any CPU
		{60B61F02-3775-4BCD-BB6A-3A8E812F5EC3}.Release|x86.Build.0 = Release|Any CPU
		{60B61F02-3775-4BCD-BB6A-3A8E812F5EC3}.TST|Any CPU.ActiveCfg = Release|Any CPU
		{60B61F02-3775-4BCD-BB6A-3A8E812F5EC3}.TST|Any CPU.Build.0 = Release|Any CPU
		{60B61F02-3775-4BCD-BB6A-3A8E812F5EC3}.TST|x86.ActiveCfg = Release|Any CPU
		{60B61F02-3775-4BCD-BB6A-3A8E812F5EC3}.TST|x86.Build.0 = Release|Any CPU
		{37B042B3-786F-4BDB-A4B4-0837545F0653}.Debug|Any CPU.ActiveCfg = Debug|Any CPU
		{37B042B3-786F-4BDB-A4B4-0837545F0653}.Debug|Any CPU.Build.0 = Debug|Any CPU
		{37B042B3-786F-4BDB-A4B4-0837545F0653}.Debug|x86.ActiveCfg = Debug|Any CPU
		{37B042B3-786F-4BDB-A4B4-0837545F0653}.Debug|x86.Build.0 = Debug|Any CPU
		{37B042B3-786F-4BDB-A4B4-0837545F0653}.DEV|Any CPU.ActiveCfg = Debug|Any CPU
		{37B042B3-786F-4BDB-A4B4-0837545F0653}.DEV|Any CPU.Build.0 = Debug|Any CPU
		{37B042B3-786F-4BDB-A4B4-0837545F0653}.DEV|x86.ActiveCfg = Debug|Any CPU
		{37B042B3-786F-4BDB-A4B4-0837545F0653}.DEV|x86.Build.0 = Debug|Any CPU
		{37B042B3-786F-4BDB-A4B4-0837545F0653}.PROD|Any CPU.ActiveCfg = Release|Any CPU
		{37B042B3-786F-4BDB-A4B4-0837545F0653}.PROD|Any CPU.Build.0 = Release|Any CPU
		{37B042B3-786F-4BDB-A4B4-0837545F0653}.PROD|x86.ActiveCfg = Release|Any CPU
		{37B042B3-786F-4BDB-A4B4-0837545F0653}.PROD|x86.Build.0 = Release|Any CPU
		{37B042B3-786F-4BDB-A4B4-0837545F0653}.QA|Any CPU.ActiveCfg = Release|Any CPU
		{37B042B3-786F-4BDB-A4B4-0837545F0653}.QA|Any CPU.Build.0 = Release|Any CPU
		{37B042B3-786F-4BDB-A4B4-0837545F0653}.QA|x86.ActiveCfg = Release|Any CPU
		{37B042B3-786F-4BDB-A4B4-0837545F0653}.QA|x86.Build.0 = Release|Any CPU
		{37B042B3-786F-4BDB-A4B4-0837545F0653}.Release|Any CPU.ActiveCfg = Release|Any CPU
		{37B042B3-786F-4BDB-A4B4-0837545F0653}.Release|Any CPU.Build.0 = Release|Any CPU
		{37B042B3-786F-4BDB-A4B4-0837545F0653}.Release|x86.ActiveCfg = Release|Any CPU
		{37B042B3-786F-4BDB-A4B4-0837545F0653}.Release|x86.Build.0 = Release|Any CPU
		{37B042B3-786F-4BDB-A4B4-0837545F0653}.TST|Any CPU.ActiveCfg = Release|Any CPU
		{37B042B3-786F-4BDB-A4B4-0837545F0653}.TST|Any CPU.Build.0 = Release|Any CPU
		{37B042B3-786F-4BDB-A4B4-0837545F0653}.TST|x86.ActiveCfg = Release|Any CPU
		{37B042B3-786F-4BDB-A4B4-0837545F0653}.TST|x86.Build.0 = Release|Any CPU
		{39284EF0-AFBB-404E-8A22-F1DB21451A17}.Debug|Any CPU.ActiveCfg = Debug|Any CPU
		{39284EF0-AFBB-404E-8A22-F1DB21451A17}.Debug|Any CPU.Build.0 = Debug|Any CPU
		{39284EF0-AFBB-404E-8A22-F1DB21451A17}.Debug|x86.ActiveCfg = Debug|Any CPU
		{39284EF0-AFBB-404E-8A22-F1DB21451A17}.Debug|x86.Build.0 = Debug|Any CPU
		{39284EF0-AFBB-404E-8A22-F1DB21451A17}.DEV|Any CPU.ActiveCfg = Debug|Any CPU
		{39284EF0-AFBB-404E-8A22-F1DB21451A17}.DEV|Any CPU.Build.0 = Debug|Any CPU
		{39284EF0-AFBB-404E-8A22-F1DB21451A17}.DEV|x86.ActiveCfg = Debug|Any CPU
		{39284EF0-AFBB-404E-8A22-F1DB21451A17}.DEV|x86.Build.0 = Debug|Any CPU
		{39284EF0-AFBB-404E-8A22-F1DB21451A17}.PROD|Any CPU.ActiveCfg = Release|Any CPU
		{39284EF0-AFBB-404E-8A22-F1DB21451A17}.PROD|Any CPU.Build.0 = Release|Any CPU
		{39284EF0-AFBB-404E-8A22-F1DB21451A17}.PROD|x86.ActiveCfg = Release|Any CPU
		{39284EF0-AFBB-404E-8A22-F1DB21451A17}.PROD|x86.Build.0 = Release|Any CPU
		{39284EF0-AFBB-404E-8A22-F1DB21451A17}.QA|Any CPU.ActiveCfg = Release|Any CPU
		{39284EF0-AFBB-404E-8A22-F1DB21451A17}.QA|Any CPU.Build.0 = Release|Any CPU
		{39284EF0-AFBB-404E-8A22-F1DB21451A17}.QA|x86.ActiveCfg = Release|Any CPU
		{39284EF0-AFBB-404E-8A22-F1DB21451A17}.QA|x86.Build.0 = Release|Any CPU
		{39284EF0-AFBB-404E-8A22-F1DB21451A17}.Release|Any CPU.ActiveCfg = Release|Any CPU
		{39284EF0-AFBB-404E-8A22-F1DB21451A17}.Release|Any CPU.Build.0 = Release|Any CPU
		{39284EF0-AFBB-404E-8A22-F1DB21451A17}.Release|x86.ActiveCfg = Release|Any CPU
		{39284EF0-AFBB-404E-8A22-F1DB21451A17}.Release|x86.Build.0 = Release|Any CPU
		{39284EF0-AFBB-404E-8A22-F1DB21451A17}.TST|Any CPU.ActiveCfg = Release|Any CPU
		{39284EF0-AFBB-404E-8A22-F1DB21451A17}.TST|Any CPU.Build.0 = Release|Any CPU
		{39284EF0-AFBB-404E-8A22-F1DB21451A17}.TST|x86.ActiveCfg = Release|Any CPU
		{39284EF0-AFBB-404E-8A22-F1DB21451A17}.TST|x86.Build.0 = Release|Any CPU
		{C1282A29-EF40-4E2D-B1ED-D9FD77CD9198}.Debug|Any CPU.ActiveCfg = Debug|Any CPU
		{C1282A29-EF40-4E2D-B1ED-D9FD77CD9198}.Debug|Any CPU.Build.0 = Debug|Any CPU
		{C1282A29-EF40-4E2D-B1ED-D9FD77CD9198}.Debug|x86.ActiveCfg = Debug|Any CPU
		{C1282A29-EF40-4E2D-B1ED-D9FD77CD9198}.Debug|x86.Build.0 = Debug|Any CPU
		{C1282A29-EF40-4E2D-B1ED-D9FD77CD9198}.DEV|Any CPU.ActiveCfg = Debug|Any CPU
		{C1282A29-EF40-4E2D-B1ED-D9FD77CD9198}.DEV|Any CPU.Build.0 = Debug|Any CPU
		{C1282A29-EF40-4E2D-B1ED-D9FD77CD9198}.DEV|x86.ActiveCfg = Debug|Any CPU
		{C1282A29-EF40-4E2D-B1ED-D9FD77CD9198}.DEV|x86.Build.0 = Debug|Any CPU
		{C1282A29-EF40-4E2D-B1ED-D9FD77CD9198}.PROD|Any CPU.ActiveCfg = Release|Any CPU
		{C1282A29-EF40-4E2D-B1ED-D9FD77CD9198}.PROD|Any CPU.Build.0 = Release|Any CPU
		{C1282A29-EF40-4E2D-B1ED-D9FD77CD9198}.PROD|x86.ActiveCfg = Release|Any CPU
		{C1282A29-EF40-4E2D-B1ED-D9FD77CD9198}.PROD|x86.Build.0 = Release|Any CPU
		{C1282A29-EF40-4E2D-B1ED-D9FD77CD9198}.QA|Any CPU.ActiveCfg = Release|Any CPU
		{C1282A29-EF40-4E2D-B1ED-D9FD77CD9198}.QA|Any CPU.Build.0 = Release|Any CPU
		{C1282A29-EF40-4E2D-B1ED-D9FD77CD9198}.QA|x86.ActiveCfg = Release|Any CPU
		{C1282A29-EF40-4E2D-B1ED-D9FD77CD9198}.QA|x86.Build.0 = Release|Any CPU
		{C1282A29-EF40-4E2D-B1ED-D9FD77CD9198}.Release|Any CPU.ActiveCfg = Release|Any CPU
		{C1282A29-EF40-4E2D-B1ED-D9FD77CD9198}.Release|Any CPU.Build.0 = Release|Any CPU
		{C1282A29-EF40-4E2D-B1ED-D9FD77CD9198}.Release|x86.ActiveCfg = Release|Any CPU
		{C1282A29-EF40-4E2D-B1ED-D9FD77CD9198}.Release|x86.Build.0 = Release|Any CPU
		{C1282A29-EF40-4E2D-B1ED-D9FD77CD9198}.TST|Any CPU.ActiveCfg = Release|Any CPU
		{C1282A29-EF40-4E2D-B1ED-D9FD77CD9198}.TST|Any CPU.Build.0 = Release|Any CPU
		{C1282A29-EF40-4E2D-B1ED-D9FD77CD9198}.TST|x86.ActiveCfg = Release|Any CPU
		{C1282A29-EF40-4E2D-B1ED-D9FD77CD9198}.TST|x86.Build.0 = Release|Any CPU
		{78CE7633-5780-451F-AA0D-179F3E9709D8}.Debug|Any CPU.ActiveCfg = Debug|Any CPU
		{78CE7633-5780-451F-AA0D-179F3E9709D8}.Debug|Any CPU.Build.0 = Debug|Any CPU
		{78CE7633-5780-451F-AA0D-179F3E9709D8}.Debug|x86.ActiveCfg = Debug|Any CPU
		{78CE7633-5780-451F-AA0D-179F3E9709D8}.Debug|x86.Build.0 = Debug|Any CPU
		{78CE7633-5780-451F-AA0D-179F3E9709D8}.DEV|Any CPU.ActiveCfg = Debug|Any CPU
		{78CE7633-5780-451F-AA0D-179F3E9709D8}.DEV|Any CPU.Build.0 = Debug|Any CPU
		{78CE7633-5780-451F-AA0D-179F3E9709D8}.DEV|x86.ActiveCfg = Debug|Any CPU
		{78CE7633-5780-451F-AA0D-179F3E9709D8}.DEV|x86.Build.0 = Debug|Any CPU
		{78CE7633-5780-451F-AA0D-179F3E9709D8}.PROD|Any CPU.ActiveCfg = Release|Any CPU
		{78CE7633-5780-451F-AA0D-179F3E9709D8}.PROD|Any CPU.Build.0 = Release|Any CPU
		{78CE7633-5780-451F-AA0D-179F3E9709D8}.PROD|x86.ActiveCfg = Release|Any CPU
		{78CE7633-5780-451F-AA0D-179F3E9709D8}.PROD|x86.Build.0 = Release|Any CPU
		{78CE7633-5780-451F-AA0D-179F3E9709D8}.QA|Any CPU.ActiveCfg = Release|Any CPU
		{78CE7633-5780-451F-AA0D-179F3E9709D8}.QA|Any CPU.Build.0 = Release|Any CPU
		{78CE7633-5780-451F-AA0D-179F3E9709D8}.QA|x86.ActiveCfg = Release|Any CPU
		{78CE7633-5780-451F-AA0D-179F3E9709D8}.QA|x86.Build.0 = Release|Any CPU
		{78CE7633-5780-451F-AA0D-179F3E9709D8}.Release|Any CPU.ActiveCfg = Release|Any CPU
		{78CE7633-5780-451F-AA0D-179F3E9709D8}.Release|Any CPU.Build.0 = Release|Any CPU
		{78CE7633-5780-451F-AA0D-179F3E9709D8}.Release|x86.ActiveCfg = Release|Any CPU
		{78CE7633-5780-451F-AA0D-179F3E9709D8}.Release|x86.Build.0 = Release|Any CPU
		{78CE7633-5780-451F-AA0D-179F3E9709D8}.TST|Any CPU.ActiveCfg = Release|Any CPU
		{78CE7633-5780-451F-AA0D-179F3E9709D8}.TST|Any CPU.Build.0 = Release|Any CPU
		{78CE7633-5780-451F-AA0D-179F3E9709D8}.TST|x86.ActiveCfg = Release|Any CPU
		{78CE7633-5780-451F-AA0D-179F3E9709D8}.TST|x86.Build.0 = Release|Any CPU
		{79E4DBC6-8B4D-4C43-8B02-113861100066}.Debug|Any CPU.ActiveCfg = Debug|Any CPU
		{79E4DBC6-8B4D-4C43-8B02-113861100066}.Debug|Any CPU.Build.0 = Debug|Any CPU
		{79E4DBC6-8B4D-4C43-8B02-113861100066}.Debug|x86.ActiveCfg = Debug|Any CPU
		{79E4DBC6-8B4D-4C43-8B02-113861100066}.Debug|x86.Build.0 = Debug|Any CPU
		{79E4DBC6-8B4D-4C43-8B02-113861100066}.DEV|Any CPU.ActiveCfg = Debug|Any CPU
		{79E4DBC6-8B4D-4C43-8B02-113861100066}.DEV|Any CPU.Build.0 = Debug|Any CPU
		{79E4DBC6-8B4D-4C43-8B02-113861100066}.DEV|x86.ActiveCfg = Debug|Any CPU
		{79E4DBC6-8B4D-4C43-8B02-113861100066}.DEV|x86.Build.0 = Debug|Any CPU
		{79E4DBC6-8B4D-4C43-8B02-113861100066}.PROD|Any CPU.ActiveCfg = Debug|Any CPU
		{79E4DBC6-8B4D-4C43-8B02-113861100066}.PROD|Any CPU.Build.0 = Debug|Any CPU
		{79E4DBC6-8B4D-4C43-8B02-113861100066}.PROD|x86.ActiveCfg = Debug|Any CPU
		{79E4DBC6-8B4D-4C43-8B02-113861100066}.PROD|x86.Build.0 = Debug|Any CPU
		{79E4DBC6-8B4D-4C43-8B02-113861100066}.QA|Any CPU.ActiveCfg = Debug|Any CPU
		{79E4DBC6-8B4D-4C43-8B02-113861100066}.QA|Any CPU.Build.0 = Debug|Any CPU
		{79E4DBC6-8B4D-4C43-8B02-113861100066}.QA|x86.ActiveCfg = Debug|Any CPU
		{79E4DBC6-8B4D-4C43-8B02-113861100066}.QA|x86.Build.0 = Debug|Any CPU
		{79E4DBC6-8B4D-4C43-8B02-113861100066}.Release|Any CPU.ActiveCfg = Release|Any CPU
		{79E4DBC6-8B4D-4C43-8B02-113861100066}.Release|Any CPU.Build.0 = Release|Any CPU
		{79E4DBC6-8B4D-4C43-8B02-113861100066}.Release|x86.ActiveCfg = Release|Any CPU
		{79E4DBC6-8B4D-4C43-8B02-113861100066}.Release|x86.Build.0 = Release|Any CPU
		{79E4DBC6-8B4D-4C43-8B02-113861100066}.TST|Any CPU.ActiveCfg = Debug|Any CPU
		{79E4DBC6-8B4D-4C43-8B02-113861100066}.TST|Any CPU.Build.0 = Debug|Any CPU
		{79E4DBC6-8B4D-4C43-8B02-113861100066}.TST|x86.ActiveCfg = Debug|Any CPU
		{79E4DBC6-8B4D-4C43-8B02-113861100066}.TST|x86.Build.0 = Debug|Any CPU
		{49D6788D-18BC-4A1D-A285-79C42BC27A35}.Debug|Any CPU.ActiveCfg = Debug|Any CPU
		{49D6788D-18BC-4A1D-A285-79C42BC27A35}.Debug|Any CPU.Build.0 = Debug|Any CPU
		{49D6788D-18BC-4A1D-A285-79C42BC27A35}.Debug|x86.ActiveCfg = Debug|Any CPU
		{49D6788D-18BC-4A1D-A285-79C42BC27A35}.Debug|x86.Build.0 = Debug|Any CPU
		{49D6788D-18BC-4A1D-A285-79C42BC27A35}.DEV|Any CPU.ActiveCfg = Debug|Any CPU
		{49D6788D-18BC-4A1D-A285-79C42BC27A35}.DEV|Any CPU.Build.0 = Debug|Any CPU
		{49D6788D-18BC-4A1D-A285-79C42BC27A35}.DEV|x86.ActiveCfg = Debug|Any CPU
		{49D6788D-18BC-4A1D-A285-79C42BC27A35}.DEV|x86.Build.0 = Debug|Any CPU
		{49D6788D-18BC-4A1D-A285-79C42BC27A35}.PROD|Any CPU.ActiveCfg = Debug|Any CPU
		{49D6788D-18BC-4A1D-A285-79C42BC27A35}.PROD|Any CPU.Build.0 = Debug|Any CPU
		{49D6788D-18BC-4A1D-A285-79C42BC27A35}.PROD|x86.ActiveCfg = Debug|Any CPU
		{49D6788D-18BC-4A1D-A285-79C42BC27A35}.PROD|x86.Build.0 = Debug|Any CPU
		{49D6788D-18BC-4A1D-A285-79C42BC27A35}.QA|Any CPU.ActiveCfg = Debug|Any CPU
		{49D6788D-18BC-4A1D-A285-79C42BC27A35}.QA|Any CPU.Build.0 = Debug|Any CPU
		{49D6788D-18BC-4A1D-A285-79C42BC27A35}.QA|x86.ActiveCfg = Debug|Any CPU
		{49D6788D-18BC-4A1D-A285-79C42BC27A35}.QA|x86.Build.0 = Debug|Any CPU
		{49D6788D-18BC-4A1D-A285-79C42BC27A35}.Release|Any CPU.ActiveCfg = Release|Any CPU
		{49D6788D-18BC-4A1D-A285-79C42BC27A35}.Release|Any CPU.Build.0 = Release|Any CPU
		{49D6788D-18BC-4A1D-A285-79C42BC27A35}.Release|x86.ActiveCfg = Release|Any CPU
		{49D6788D-18BC-4A1D-A285-79C42BC27A35}.Release|x86.Build.0 = Release|Any CPU
		{49D6788D-18BC-4A1D-A285-79C42BC27A35}.TST|Any CPU.ActiveCfg = Debug|Any CPU
		{49D6788D-18BC-4A1D-A285-79C42BC27A35}.TST|Any CPU.Build.0 = Debug|Any CPU
		{49D6788D-18BC-4A1D-A285-79C42BC27A35}.TST|x86.ActiveCfg = Debug|Any CPU
		{49D6788D-18BC-4A1D-A285-79C42BC27A35}.TST|x86.Build.0 = Debug|Any CPU
		{A2D6733B-5913-4177-B1DD-5BA875B52DBB}.Debug|Any CPU.ActiveCfg = Debug|Any CPU
		{A2D6733B-5913-4177-B1DD-5BA875B52DBB}.Debug|Any CPU.Build.0 = Debug|Any CPU
		{A2D6733B-5913-4177-B1DD-5BA875B52DBB}.Debug|x86.ActiveCfg = Debug|Any CPU
		{A2D6733B-5913-4177-B1DD-5BA875B52DBB}.Debug|x86.Build.0 = Debug|Any CPU
		{A2D6733B-5913-4177-B1DD-5BA875B52DBB}.DEV|Any CPU.ActiveCfg = Debug|Any CPU
		{A2D6733B-5913-4177-B1DD-5BA875B52DBB}.DEV|Any CPU.Build.0 = Debug|Any CPU
		{A2D6733B-5913-4177-B1DD-5BA875B52DBB}.DEV|x86.ActiveCfg = Debug|Any CPU
		{A2D6733B-5913-4177-B1DD-5BA875B52DBB}.DEV|x86.Build.0 = Debug|Any CPU
		{A2D6733B-5913-4177-B1DD-5BA875B52DBB}.PROD|Any CPU.ActiveCfg = Debug|Any CPU
		{A2D6733B-5913-4177-B1DD-5BA875B52DBB}.PROD|Any CPU.Build.0 = Debug|Any CPU
		{A2D6733B-5913-4177-B1DD-5BA875B52DBB}.PROD|x86.ActiveCfg = Debug|Any CPU
		{A2D6733B-5913-4177-B1DD-5BA875B52DBB}.PROD|x86.Build.0 = Debug|Any CPU
		{A2D6733B-5913-4177-B1DD-5BA875B52DBB}.QA|Any CPU.ActiveCfg = Debug|Any CPU
		{A2D6733B-5913-4177-B1DD-5BA875B52DBB}.QA|Any CPU.Build.0 = Debug|Any CPU
		{A2D6733B-5913-4177-B1DD-5BA875B52DBB}.QA|x86.ActiveCfg = Debug|Any CPU
		{A2D6733B-5913-4177-B1DD-5BA875B52DBB}.QA|x86.Build.0 = Debug|Any CPU
		{A2D6733B-5913-4177-B1DD-5BA875B52DBB}.Release|Any CPU.ActiveCfg = Release|Any CPU
		{A2D6733B-5913-4177-B1DD-5BA875B52DBB}.Release|Any CPU.Build.0 = Release|Any CPU
		{A2D6733B-5913-4177-B1DD-5BA875B52DBB}.Release|x86.ActiveCfg = Release|Any CPU
		{A2D6733B-5913-4177-B1DD-5BA875B52DBB}.Release|x86.Build.0 = Release|Any CPU
		{A2D6733B-5913-4177-B1DD-5BA875B52DBB}.TST|Any CPU.ActiveCfg = Debug|Any CPU
		{A2D6733B-5913-4177-B1DD-5BA875B52DBB}.TST|Any CPU.Build.0 = Debug|Any CPU
		{A2D6733B-5913-4177-B1DD-5BA875B52DBB}.TST|x86.ActiveCfg = Debug|Any CPU
		{A2D6733B-5913-4177-B1DD-5BA875B52DBB}.TST|x86.Build.0 = Debug|Any CPU
		{15863900-76A1-4E52-A122-0F989D977913}.Debug|Any CPU.ActiveCfg = Debug|Any CPU
		{15863900-76A1-4E52-A122-0F989D977913}.Debug|Any CPU.Build.0 = Debug|Any CPU
		{15863900-76A1-4E52-A122-0F989D977913}.Debug|x86.ActiveCfg = Debug|Any CPU
		{15863900-76A1-4E52-A122-0F989D977913}.Debug|x86.Build.0 = Debug|Any CPU
		{15863900-76A1-4E52-A122-0F989D977913}.DEV|Any CPU.ActiveCfg = Debug|Any CPU
		{15863900-76A1-4E52-A122-0F989D977913}.DEV|Any CPU.Build.0 = Debug|Any CPU
		{15863900-76A1-4E52-A122-0F989D977913}.DEV|x86.ActiveCfg = Debug|Any CPU
		{15863900-76A1-4E52-A122-0F989D977913}.DEV|x86.Build.0 = Debug|Any CPU
		{15863900-76A1-4E52-A122-0F989D977913}.PROD|Any CPU.ActiveCfg = Debug|Any CPU
		{15863900-76A1-4E52-A122-0F989D977913}.PROD|Any CPU.Build.0 = Debug|Any CPU
		{15863900-76A1-4E52-A122-0F989D977913}.PROD|x86.ActiveCfg = Debug|Any CPU
		{15863900-76A1-4E52-A122-0F989D977913}.PROD|x86.Build.0 = Debug|Any CPU
		{15863900-76A1-4E52-A122-0F989D977913}.QA|Any CPU.ActiveCfg = Debug|Any CPU
		{15863900-76A1-4E52-A122-0F989D977913}.QA|Any CPU.Build.0 = Debug|Any CPU
		{15863900-76A1-4E52-A122-0F989D977913}.QA|x86.ActiveCfg = Debug|Any CPU
		{15863900-76A1-4E52-A122-0F989D977913}.QA|x86.Build.0 = Debug|Any CPU
		{15863900-76A1-4E52-A122-0F989D977913}.Release|Any CPU.ActiveCfg = Release|Any CPU
		{15863900-76A1-4E52-A122-0F989D977913}.Release|Any CPU.Build.0 = Release|Any CPU
		{15863900-76A1-4E52-A122-0F989D977913}.Release|x86.ActiveCfg = Release|Any CPU
		{15863900-76A1-4E52-A122-0F989D977913}.Release|x86.Build.0 = Release|Any CPU
		{15863900-76A1-4E52-A122-0F989D977913}.TST|Any CPU.ActiveCfg = Debug|Any CPU
		{15863900-76A1-4E52-A122-0F989D977913}.TST|Any CPU.Build.0 = Debug|Any CPU
		{15863900-76A1-4E52-A122-0F989D977913}.TST|x86.ActiveCfg = Debug|Any CPU
		{15863900-76A1-4E52-A122-0F989D977913}.TST|x86.Build.0 = Debug|Any CPU
		{0BEDCCDC-EEBA-4A68-997C-F792661DA6CC}.Debug|Any CPU.ActiveCfg = Debug|Any CPU
		{0BEDCCDC-EEBA-4A68-997C-F792661DA6CC}.Debug|Any CPU.Build.0 = Debug|Any CPU
		{0BEDCCDC-EEBA-4A68-997C-F792661DA6CC}.Debug|x86.ActiveCfg = Debug|Any CPU
		{0BEDCCDC-EEBA-4A68-997C-F792661DA6CC}.Debug|x86.Build.0 = Debug|Any CPU
		{0BEDCCDC-EEBA-4A68-997C-F792661DA6CC}.DEV|Any CPU.ActiveCfg = Debug|Any CPU
		{0BEDCCDC-EEBA-4A68-997C-F792661DA6CC}.DEV|Any CPU.Build.0 = Debug|Any CPU
		{0BEDCCDC-EEBA-4A68-997C-F792661DA6CC}.DEV|x86.ActiveCfg = Debug|Any CPU
		{0BEDCCDC-EEBA-4A68-997C-F792661DA6CC}.DEV|x86.Build.0 = Debug|Any CPU
		{0BEDCCDC-EEBA-4A68-997C-F792661DA6CC}.PROD|Any CPU.ActiveCfg = Debug|Any CPU
		{0BEDCCDC-EEBA-4A68-997C-F792661DA6CC}.PROD|Any CPU.Build.0 = Debug|Any CPU
		{0BEDCCDC-EEBA-4A68-997C-F792661DA6CC}.PROD|x86.ActiveCfg = Debug|Any CPU
		{0BEDCCDC-EEBA-4A68-997C-F792661DA6CC}.PROD|x86.Build.0 = Debug|Any CPU
		{0BEDCCDC-EEBA-4A68-997C-F792661DA6CC}.QA|Any CPU.ActiveCfg = Debug|Any CPU
		{0BEDCCDC-EEBA-4A68-997C-F792661DA6CC}.QA|Any CPU.Build.0 = Debug|Any CPU
		{0BEDCCDC-EEBA-4A68-997C-F792661DA6CC}.QA|x86.ActiveCfg = Debug|Any CPU
		{0BEDCCDC-EEBA-4A68-997C-F792661DA6CC}.QA|x86.Build.0 = Debug|Any CPU
		{0BEDCCDC-EEBA-4A68-997C-F792661DA6CC}.Release|Any CPU.ActiveCfg = Release|Any CPU
		{0BEDCCDC-EEBA-4A68-997C-F792661DA6CC}.Release|Any CPU.Build.0 = Release|Any CPU
		{0BEDCCDC-EEBA-4A68-997C-F792661DA6CC}.Release|x86.ActiveCfg = Release|Any CPU
		{0BEDCCDC-EEBA-4A68-997C-F792661DA6CC}.Release|x86.Build.0 = Release|Any CPU
		{0BEDCCDC-EEBA-4A68-997C-F792661DA6CC}.TST|Any CPU.ActiveCfg = Debug|Any CPU
		{0BEDCCDC-EEBA-4A68-997C-F792661DA6CC}.TST|Any CPU.Build.0 = Debug|Any CPU
		{0BEDCCDC-EEBA-4A68-997C-F792661DA6CC}.TST|x86.ActiveCfg = Debug|Any CPU
		{0BEDCCDC-EEBA-4A68-997C-F792661DA6CC}.TST|x86.Build.0 = Debug|Any CPU
		{71495AC6-DF71-4178-998E-B67574A70990}.Debug|Any CPU.ActiveCfg = Debug|Any CPU
		{71495AC6-DF71-4178-998E-B67574A70990}.Debug|Any CPU.Build.0 = Debug|Any CPU
		{71495AC6-DF71-4178-998E-B67574A70990}.Debug|x86.ActiveCfg = Debug|Any CPU
		{71495AC6-DF71-4178-998E-B67574A70990}.Debug|x86.Build.0 = Debug|Any CPU
		{71495AC6-DF71-4178-998E-B67574A70990}.DEV|Any CPU.ActiveCfg = Debug|Any CPU
		{71495AC6-DF71-4178-998E-B67574A70990}.DEV|Any CPU.Build.0 = Debug|Any CPU
		{71495AC6-DF71-4178-998E-B67574A70990}.DEV|x86.ActiveCfg = Debug|Any CPU
		{71495AC6-DF71-4178-998E-B67574A70990}.DEV|x86.Build.0 = Debug|Any CPU
		{71495AC6-DF71-4178-998E-B67574A70990}.PROD|Any CPU.ActiveCfg = Debug|Any CPU
		{71495AC6-DF71-4178-998E-B67574A70990}.PROD|Any CPU.Build.0 = Debug|Any CPU
		{71495AC6-DF71-4178-998E-B67574A70990}.PROD|x86.ActiveCfg = Debug|Any CPU
		{71495AC6-DF71-4178-998E-B67574A70990}.PROD|x86.Build.0 = Debug|Any CPU
		{71495AC6-DF71-4178-998E-B67574A70990}.QA|Any CPU.ActiveCfg = Debug|Any CPU
		{71495AC6-DF71-4178-998E-B67574A70990}.QA|Any CPU.Build.0 = Debug|Any CPU
		{71495AC6-DF71-4178-998E-B67574A70990}.QA|x86.ActiveCfg = Debug|Any CPU
		{71495AC6-DF71-4178-998E-B67574A70990}.QA|x86.Build.0 = Debug|Any CPU
		{71495AC6-DF71-4178-998E-B67574A70990}.Release|Any CPU.ActiveCfg = Release|Any CPU
		{71495AC6-DF71-4178-998E-B67574A70990}.Release|Any CPU.Build.0 = Release|Any CPU
		{71495AC6-DF71-4178-998E-B67574A70990}.Release|x86.ActiveCfg = Release|Any CPU
		{71495AC6-DF71-4178-998E-B67574A70990}.Release|x86.Build.0 = Release|Any CPU
		{71495AC6-DF71-4178-998E-B67574A70990}.TST|Any CPU.ActiveCfg = Debug|Any CPU
		{71495AC6-DF71-4178-998E-B67574A70990}.TST|Any CPU.Build.0 = Debug|Any CPU
		{71495AC6-DF71-4178-998E-B67574A70990}.TST|x86.ActiveCfg = Debug|Any CPU
		{71495AC6-DF71-4178-998E-B67574A70990}.TST|x86.Build.0 = Debug|Any CPU
	EndGlobalSection
	GlobalSection(SolutionProperties) = preSolution
		HideSolutionNode = FALSE
	EndGlobalSection
	GlobalSection(NestedProjects) = preSolution
		{F54DC2C5-F5BC-46CB-A3A2-FAAF89252013} = {7C88AA55-1A5D-4311-A49D-55AB02BE209B}
		{30933672-466E-4F67-A111-ABF267539146} = {7C88AA55-1A5D-4311-A49D-55AB02BE209B}
		{BF8FC6CA-1611-40BF-B646-4A703A895F81} = {7C88AA55-1A5D-4311-A49D-55AB02BE209B}
		{3D235CD3-9012-4485-9A10-0ED0B09A423C} = {7C88AA55-1A5D-4311-A49D-55AB02BE209B}
		{956F62E9-AAD8-45B8-A932-0FB16DA08A47} = {0F947C8C-AD61-4BA9-99C6-F3977E059D2B}
		{59303CDE-C629-4575-ADAC-CBCAED0EBEB8} = {0F947C8C-AD61-4BA9-99C6-F3977E059D2B}
		{118D0A9A-CB4C-4782-A49D-E62F2B3381F5} = {0F947C8C-AD61-4BA9-99C6-F3977E059D2B}
		{DAEF7CE5-B45C-48FE-BB87-042D8D0E6A00} = {0F947C8C-AD61-4BA9-99C6-F3977E059D2B}
		{A847348E-9A9D-4110-8EE8-93EE00FFFEFD} = {0F947C8C-AD61-4BA9-99C6-F3977E059D2B}
		{F3F66CCE-7D7E-45B3-BE20-CE9EFBCEABC7} = {0F947C8C-AD61-4BA9-99C6-F3977E059D2B}
		{5237B01C-58F8-449B-B8EF-BADD6BB4681B} = {0F947C8C-AD61-4BA9-99C6-F3977E059D2B}
		{2EF072A6-1707-4A17-B445-665383C8F2DA} = {0F947C8C-AD61-4BA9-99C6-F3977E059D2B}
		{A1E1E276-E87C-450E-B7DF-BE89DA5DFB88} = {749E5EC8-693D-4050-81A7-17CF89C1CBEA}
		{A6345D62-9EAA-44FD-97CB-AB7EEEBE541A} = {749E5EC8-693D-4050-81A7-17CF89C1CBEA}
		{2593C32A-B26B-4F45-AFCE-7EEEF55D7CC6} = {749E5EC8-693D-4050-81A7-17CF89C1CBEA}
		{A1629121-7125-4257-8574-F19D04EF1C48} = {749E5EC8-693D-4050-81A7-17CF89C1CBEA}
		{0B810892-CC65-4445-8DC1-9D5E4580E308} = {749E5EC8-693D-4050-81A7-17CF89C1CBEA}
		{C6AC05CA-DBBC-4CD8-A71B-255A11CF935A} = {6F8B46D3-3B95-4A75-8A53-0A0786330201}
		{D10E5A9C-A1C4-4BC6-94FF-39BDC2AD091C} = {6F8B46D3-3B95-4A75-8A53-0A0786330201}
		{D717203C-5C40-4328-8D90-270B56929061} = {7C88AA55-1A5D-4311-A49D-55AB02BE209B}
		{356A4A44-299F-44CA-A920-7851E8A5C11C} = {C11C59BE-5E57-484A-942A-420107EAB774}
		{A0114C0C-D382-46C0-A2F3-4830A350C1D5} = {9B10840A-9D94-4FA5-AD20-A4B903C6F155}
		{46D1B2C9-EA81-45F7-AB60-085A641DCCD1} = {9B10840A-9D94-4FA5-AD20-A4B903C6F155}
		{BDD853A1-4A58-4A55-B4F5-AD03F27DAC3B} = {9B10840A-9D94-4FA5-AD20-A4B903C6F155}
		{5330790E-F5E5-423F-9B64-3B9008F86987} = {9B10840A-9D94-4FA5-AD20-A4B903C6F155}
		{D45A5BF0-42C5-40CA-8BCD-5C3E38D1933C} = {9B10840A-9D94-4FA5-AD20-A4B903C6F155}
		{EAD20172-08F7-4110-93A7-1DCFC94B3AAC} = {9B10840A-9D94-4FA5-AD20-A4B903C6F155}
		{65C68F23-955D-43FC-B387-9DF838604D16} = {9B10840A-9D94-4FA5-AD20-A4B903C6F155}
		{B3D0A79D-2718-4AD2-8519-83731DC94840} = {9B10840A-9D94-4FA5-AD20-A4B903C6F155}
		{44659EF2-6800-4933-A7C5-F662C9FB485C} = {9B10840A-9D94-4FA5-AD20-A4B903C6F155}
		{9FD4857B-4B76-4467-81F7-7E821E7DC7A3} = {9B10840A-9D94-4FA5-AD20-A4B903C6F155}
		{60B61F02-3775-4BCD-BB6A-3A8E812F5EC3} = {9B10840A-9D94-4FA5-AD20-A4B903C6F155}
		{37B042B3-786F-4BDB-A4B4-0837545F0653} = {9B10840A-9D94-4FA5-AD20-A4B903C6F155}
		{39284EF0-AFBB-404E-8A22-F1DB21451A17} = {9B10840A-9D94-4FA5-AD20-A4B903C6F155}
		{C1282A29-EF40-4E2D-B1ED-D9FD77CD9198} = {749E5EC8-693D-4050-81A7-17CF89C1CBEA}
		{79E4DBC6-8B4D-4C43-8B02-113861100066} = {6F8B46D3-3B95-4A75-8A53-0A0786330201}
		{49D6788D-18BC-4A1D-A285-79C42BC27A35} = {6F8B46D3-3B95-4A75-8A53-0A0786330201}
		{A2D6733B-5913-4177-B1DD-5BA875B52DBB} = {749E5EC8-693D-4050-81A7-17CF89C1CBEA}
		{61C35F3D-70A5-48D7-A5F2-540CDCC598C9} = {F1E94E69-A8FF-483E-A6D6-D2750C748E7A}
		{281693E4-64C1-4B7B-975B-3C1A291F0240} = {61C35F3D-70A5-48D7-A5F2-540CDCC598C9}
		{7F5640CD-CBA3-4D90-8488-3829B586C88D} = {61C35F3D-70A5-48D7-A5F2-540CDCC598C9}
		{15863900-76A1-4E52-A122-0F989D977913} = {F1E94E69-A8FF-483E-A6D6-D2750C748E7A}
		{0BEDCCDC-EEBA-4A68-997C-F792661DA6CC} = {F1E94E69-A8FF-483E-A6D6-D2750C748E7A}
		{71495AC6-DF71-4178-998E-B67574A70990} = {F1E94E69-A8FF-483E-A6D6-D2750C748E7A}
		{7D4D9B4D-B7E5-413F-A3AC-2E613F4D238D} = {0F947C8C-AD61-4BA9-99C6-F3977E059D2B}
	EndGlobalSection
	GlobalSection(ExtensibilityGlobals) = postSolution
		SolutionGuid = {BCA36D80-9F7A-49B7-BC6B-F5252E810994}
	EndGlobalSection
EndGlobal
